// !$*UTF8*$!
{
	archiveVersion = 1;
	classes = {
	};
	objectVersion = 50;
	objects = {

/* Begin PBXBuildFile section */
		BF4319FE20C58B1F00902FD2 /* AppDelegate.swift in Sources */ = {isa = PBXBuildFile; fileRef = BF4319FD20C58B1F00902FD2 /* AppDelegate.swift */; };
		BF431A0020C58B1F00902FD2 /* ViewController.swift in Sources */ = {isa = PBXBuildFile; fileRef = BF4319FF20C58B1F00902FD2 /* ViewController.swift */; };
		BF431A0320C58B1F00902FD2 /* Main.storyboard in Resources */ = {isa = PBXBuildFile; fileRef = BF431A0120C58B1F00902FD2 /* Main.storyboard */; };
		BF431A0820C58B2100902FD2 /* LaunchScreen.storyboard in Resources */ = {isa = PBXBuildFile; fileRef = BF431A0620C58B2100902FD2 /* LaunchScreen.storyboard */; };
		BF431A3520C5927400902FD2 /* note4.wav in Resources */ = {isa = PBXBuildFile; fileRef = BF431A2E20C5927000902FD2 /* note4.wav */; };
		BF431A3620C5927400902FD2 /* note5.wav in Resources */ = {isa = PBXBuildFile; fileRef = BF431A2F20C5927000902FD2 /* note5.wav */; };
		BF431A3720C5927400902FD2 /* note6.wav in Resources */ = {isa = PBXBuildFile; fileRef = BF431A3020C5927100902FD2 /* note6.wav */; };
		BF431A3820C5927400902FD2 /* note1.wav in Resources */ = {isa = PBXBuildFile; fileRef = BF431A3120C5927200902FD2 /* note1.wav */; };
		BF431A3920C5927400902FD2 /* note3.wav in Resources */ = {isa = PBXBuildFile; fileRef = BF431A3220C5927200902FD2 /* note3.wav */; };
		BF431A3A20C5927400902FD2 /* note2.wav in Resources */ = {isa = PBXBuildFile; fileRef = BF431A3320C5927300902FD2 /* note2.wav */; };
		BF431A3B20C5927400902FD2 /* note7.wav in Resources */ = {isa = PBXBuildFile; fileRef = BF431A3420C5927400902FD2 /* note7.wav */; };
		BF431A3E20C5A1F100902FD2 /* Assets.xcassets in Resources */ = {isa = PBXBuildFile; fileRef = BF431A3D20C5A1F100902FD2 /* Assets.xcassets */; };
		BF431A4020C5A2B600902FD2 /* note8.wav in Resources */ = {isa = PBXBuildFile; fileRef = BF431A3F20C5A2B600902FD2 /* note8.wav */; };
/* End PBXBuildFile section */

/* Begin PBXFileReference section */
		BF4319FA20C58B1F00902FD2 /* Xilophone.app */ = {isa = PBXFileReference; explicitFileType = wrapper.application; includeInIndex = 0; path = Xilophone.app; sourceTree = BUILT_PRODUCTS_DIR; };
		BF4319FD20C58B1F00902FD2 /* AppDelegate.swift */ = {isa = PBXFileReference; lastKnownFileType = sourcecode.swift; path = AppDelegate.swift; sourceTree = "<group>"; };
		BF4319FF20C58B1F00902FD2 /* ViewController.swift */ = {isa = PBXFileReference; lastKnownFileType = sourcecode.swift; path = ViewController.swift; sourceTree = "<group>"; };
		BF431A0220C58B1F00902FD2 /* Base */ = {isa = PBXFileReference; lastKnownFileType = file.storyboard; name = Base; path = Base.lproj/Main.storyboard; sourceTree = "<group>"; };
		BF431A0720C58B2100902FD2 /* Base */ = {isa = PBXFileReference; lastKnownFileType = file.storyboard; name = Base; path = Base.lproj/LaunchScreen.storyboard; sourceTree = "<group>"; };
		BF431A0920C58B2100902FD2 /* Info.plist */ = {isa = PBXFileReference; lastKnownFileType = text.plist.xml; path = Info.plist; sourceTree = "<group>"; };
		BF431A2E20C5927000902FD2 /* note4.wav */ = {isa = PBXFileReference; lastKnownFileType = audio.wav; path = note4.wav; sourceTree = "<group>"; };
		BF431A2F20C5927000902FD2 /* note5.wav */ = {isa = PBXFileReference; lastKnownFileType = audio.wav; path = note5.wav; sourceTree = "<group>"; };
		BF431A3020C5927100902FD2 /* note6.wav */ = {isa = PBXFileReference; lastKnownFileType = audio.wav; path = note6.wav; sourceTree = "<group>"; };
		BF431A3120C5927200902FD2 /* note1.wav */ = {isa = PBXFileReference; lastKnownFileType = audio.wav; path = note1.wav; sourceTree = "<group>"; };
		BF431A3220C5927200902FD2 /* note3.wav */ = {isa = PBXFileReference; lastKnownFileType = audio.wav; path = note3.wav; sourceTree = "<group>"; };
		BF431A3320C5927300902FD2 /* note2.wav */ = {isa = PBXFileReference; lastKnownFileType = audio.wav; path = note2.wav; sourceTree = "<group>"; };
		BF431A3420C5927400902FD2 /* note7.wav */ = {isa = PBXFileReference; lastKnownFileType = audio.wav; path = note7.wav; sourceTree = "<group>"; };
		BF431A3D20C5A1F100902FD2 /* Assets.xcassets */ = {isa = PBXFileReference; lastKnownFileType = folder.assetcatalog; path = Assets.xcassets; sourceTree = "<group>"; };
		BF431A3F20C5A2B600902FD2 /* note8.wav */ = {isa = PBXFileReference; lastKnownFileType = audio.wav; path = note8.wav; sourceTree = "<group>"; };
/* End PBXFileReference section */

/* Begin PBXFrameworksBuildPhase section */
		BF4319F720C58B1F00902FD2 /* Frameworks */ = {
			isa = PBXFrameworksBuildPhase;
			buildActionMask = 2147483647;
			files = (
			);
			runOnlyForDeploymentPostprocessing = 0;
		};
/* End PBXFrameworksBuildPhase section */

/* Begin PBXGroup section */
		BF4319F120C58B1F00902FD2 = {
			isa = PBXGroup;
			children = (
				BF4319FC20C58B1F00902FD2 /* Xilophone */,
				BF4319FB20C58B1F00902FD2 /* Products */,
			);
			sourceTree = "<group>";
		};
		BF4319FB20C58B1F00902FD2 /* Products */ = {
			isa = PBXGroup;
			children = (
				BF4319FA20C58B1F00902FD2 /* Xilophone.app */,
			);
			name = Products;
			sourceTree = "<group>";
		};
		BF4319FC20C58B1F00902FD2 /* Xilophone */ = {
			isa = PBXGroup;
			children = (
				BF4319FD20C58B1F00902FD2 /* AppDelegate.swift */,
				BF4319FF20C58B1F00902FD2 /* ViewController.swift */,
				BF431A0120C58B1F00902FD2 /* Main.storyboard */,
				BF431A0620C58B2100902FD2 /* LaunchScreen.storyboard */,
				BF431A0920C58B2100902FD2 /* Info.plist */,
				BF431A3D20C5A1F100902FD2 /* Assets.xcassets */,
				BF431A3C20C5927B00902FD2 /* Sounds */,
			);
			path = Xilophone;
			sourceTree = "<group>";
		};
		BF431A3C20C5927B00902FD2 /* Sounds */ = {
			isa = PBXGroup;
			children = (
				BF431A3F20C5A2B600902FD2 /* note8.wav */,
				BF431A3120C5927200902FD2 /* note1.wav */,
				BF431A3320C5927300902FD2 /* note2.wav */,
				BF431A3220C5927200902FD2 /* note3.wav */,
				BF431A2E20C5927000902FD2 /* note4.wav */,
				BF431A2F20C5927000902FD2 /* note5.wav */,
				BF431A3020C5927100902FD2 /* note6.wav */,
				BF431A3420C5927400902FD2 /* note7.wav */,
			);
			path = Sounds;
			sourceTree = "<group>";
		};
/* End PBXGroup section */

/* Begin PBXNativeTarget section */
		BF4319F920C58B1F00902FD2 /* Xilophone */ = {
			isa = PBXNativeTarget;
			buildConfigurationList = BF431A0C20C58B2100902FD2 /* Build configuration list for PBXNativeTarget "Xilophone" */;
			buildPhases = (
				BF4319F620C58B1F00902FD2 /* Sources */,
				BF4319F720C58B1F00902FD2 /* Frameworks */,
				BF4319F820C58B1F00902FD2 /* Resources */,
			);
			buildRules = (
			);
			dependencies = (
			);
			name = Xilophone;
			productName = Xilophone;
			productReference = BF4319FA20C58B1F00902FD2 /* Xilophone.app */;
			productType = "com.apple.product-type.application";
		};
/* End PBXNativeTarget section */

/* Begin PBXProject section */
		BF4319F220C58B1F00902FD2 /* Project object */ = {
			isa = PBXProject;
			attributes = {
				LastSwiftUpdateCheck = 0930;
				LastUpgradeCheck = 0930;
				ORGANIZATIONNAME = Gulnaz;
				TargetAttributes = {
					BF4319F920C58B1F00902FD2 = {
						CreatedOnToolsVersion = 9.3;
					};
				};
			};
			buildConfigurationList = BF4319F520C58B1F00902FD2 /* Build configuration list for PBXProject "Xilophone" */;
			compatibilityVersion = "Xcode 9.3";
			developmentRegion = en;
			hasScannedForEncodings = 0;
			knownRegions = (
				en,
				Base,
			);
			mainGroup = BF4319F120C58B1F00902FD2;
			productRefGroup = BF4319FB20C58B1F00902FD2 /* Products */;
			projectDirPath = "";
			projectRoot = "";
			targets = (
				BF4319F920C58B1F00902FD2 /* Xilophone */,
			);
		};
/* End PBXProject section */

/* Begin PBXResourcesBuildPhase section */
		BF4319F820C58B1F00902FD2 /* Resources */ = {
			isa = PBXResourcesBuildPhase;
			buildActionMask = 2147483647;
			files = (
				BF431A3A20C5927400902FD2 /* note2.wav in Resources */,
				BF431A3620C5927400902FD2 /* note5.wav in Resources */,
				BF431A3E20C5A1F100902FD2 /* Assets.xcassets in Resources */,
				BF431A0820C58B2100902FD2 /* LaunchScreen.storyboard in Resources */,
				BF431A3720C5927400902FD2 /* note6.wav in Resources */,
				BF431A3820C5927400902FD2 /* note1.wav in Resources */,
				BF431A3B20C5927400902FD2 /* note7.wav in Resources */,
				BF431A0320C58B1F00902FD2 /* Main.storyboard in Resources */,
				BF431A3920C5927400902FD2 /* note3.wav in Resources */,
				BF431A3520C5927400902FD2 /* note4.wav in Resources */,
				BF431A4020C5A2B600902FD2 /* note8.wav in Resources */,
			);
			runOnlyForDeploymentPostprocessing = 0;
		};
/* End PBXResourcesBuildPhase section */

/* Begin PBXSourcesBuildPhase section */
		BF4319F620C58B1F00902FD2 /* Sources */ = {
			isa = PBXSourcesBuildPhase;
			buildActionMask = 2147483647;
			files = (
				BF431A0020C58B1F00902FD2 /* ViewController.swift in Sources */,
				BF4319FE20C58B1F00902FD2 /* AppDelegate.swift in Sources */,
			);
			runOnlyForDeploymentPostprocessing = 0;
		};
/* End PBXSourcesBuildPhase section */

/* Begin PBXVariantGroup section */
		BF431A0120C58B1F00902FD2 /* Main.storyboard */ = {
			isa = PBXVariantGroup;
			children = (
				BF431A0220C58B1F00902FD2 /* Base */,
			);
			name = Main.storyboard;
			sourceTree = "<group>";
		};
		BF431A0620C58B2100902FD2 /* LaunchScreen.storyboard */ = {
			isa = PBXVariantGroup;
			children = (
				BF431A0720C58B2100902FD2 /* Base */,
			);
			name = LaunchScreen.storyboard;
			sourceTree = "<group>";
		};
/* End PBXVariantGroup section */

/* Begin XCBuildConfiguration section */
		BF431A0A20C58B2100902FD2 /* Debug */ = {
			isa = XCBuildConfiguration;
			buildSettings = {
				ALWAYS_SEARCH_USER_PATHS = NO;
				CLANG_ANALYZER_NONNULL = YES;
				CLANG_ANALYZER_NUMBER_OBJECT_CONVERSION = YES_AGGRESSIVE;
				CLANG_CXX_LANGUAGE_STANDARD = "gnu++14";
				CLANG_CXX_LIBRARY = "libc++";
				CLANG_ENABLE_MODULES = YES;
				CLANG_ENABLE_OBJC_ARC = YES;
				CLANG_ENABLE_OBJC_WEAK = YES;
				CLANG_WARN_BLOCK_CAPTURE_AUTORELEASING = YES;
				CLANG_WARN_BOOL_CONVERSION = YES;
				CLANG_WARN_COMMA = YES;
				CLANG_WARN_CONSTANT_CONVERSION = YES;
				CLANG_WARN_DEPRECATED_OBJC_IMPLEMENTATIONS = YES;
				CLANG_WARN_DIRECT_OBJC_ISA_USAGE = YES_ERROR;
				CLANG_WARN_DOCUMENTATION_COMMENTS = YES;
				CLANG_WARN_EMPTY_BODY = YES;
				CLANG_WARN_ENUM_CONVERSION = YES;
				CLANG_WARN_INFINITE_RECURSION = YES;
				CLANG_WARN_INT_CONVERSION = YES;
				CLANG_WARN_NON_LITERAL_NULL_CONVERSION = YES;
				CLANG_WARN_OBJC_IMPLICIT_RETAIN_SELF = YES;
				CLANG_WARN_OBJC_LITERAL_CONVERSION = YES;
				CLANG_WARN_OBJC_ROOT_CLASS = YES_ERROR;
				CLANG_WARN_RANGE_LOOP_ANALYSIS = YES;
				CLANG_WARN_STRICT_PROTOTYPES = YES;
				CLANG_WARN_SUSPICIOUS_MOVE = YES;
				CLANG_WARN_UNGUARDED_AVAILABILITY = YES_AGGRESSIVE;
				CLANG_WARN_UNREACHABLE_CODE = YES;
				CLANG_WARN__DUPLICATE_METHOD_MATCH = YES;
				CODE_SIGN_IDENTITY = "iPhone Developer";
				COPY_PHASE_STRIP = NO;
				DEBUG_INFORMATION_FORMAT = dwarf;
				ENABLE_STRICT_OBJC_MSGSEND = YES;
				ENABLE_TESTABILITY = YES;
				GCC_C_LANGUAGE_STANDARD = gnu11;
				GCC_DYNAMIC_NO_PIC = NO;
				GCC_NO_COMMON_BLOCKS = YES;
				GCC_OPTIMIZATION_LEVEL = 0;
				GCC_PREPROCESSOR_DEFINITIONS = (
					"DEBUG=1",
					"$(inherited)",
				);
				GCC_WARN_64_TO_32_BIT_CONVERSION = YES;
				GCC_WARN_ABOUT_RETURN_TYPE = YES_ERROR;
				GCC_WARN_UNDECLARED_SELECTOR = YES;
				GCC_WARN_UNINITIALIZED_AUTOS = YES_AGGRESSIVE;
				GCC_WARN_UNUSED_FUNCTION = YES;
				GCC_WARN_UNUSED_VARIABLE = YES;
				IPHONEOS_DEPLOYMENT_TARGET = 11.3;
				MTL_ENABLE_DEBUG_INFO = YES;
				ONLY_ACTIVE_ARCH = YES;
				SDKROOT = iphoneos;
				SWIFT_ACTIVE_COMPILATION_CONDITIONS = DEBUG;
				SWIFT_OPTIMIZATION_LEVEL = "-Onone";
			};
			name = Debug;
		};
		BF431A0B20C58B2100902FD2 /* Release */ = {
			isa = XCBuildConfiguration;
			buildSettings = {
				ALWAYS_SEARCH_USER_PATHS = NO;
				CLANG_ANALYZER_NONNULL = YES;
				CLANG_ANALYZER_NUMBER_OBJECT_CONVERSION = YES_AGGRESSIVE;
				CLANG_CXX_LANGUAGE_STANDARD = "gnu++14";
				CLANG_CXX_LIBRARY = "libc++";
				CLANG_ENABLE_MODULES = YES;
				CLANG_ENABLE_OBJC_ARC = YES;
				CLANG_ENABLE_OBJC_WEAK = YES;
				CLANG_WARN_BLOCK_CAPTURE_AUTORELEASING = YES;
				CLANG_WARN_BOOL_CONVERSION = YES;
				CLANG_WARN_COMMA = YES;
				CLANG_WARN_CONSTANT_CONVERSION = YES;
				CLANG_WARN_DEPRECATED_OBJC_IMPLEMENTATIONS = YES;
				CLANG_WARN_DIRECT_OBJC_ISA_USAGE = YES_ERROR;
				CLANG_WARN_DOCUMENTATION_COMMENTS = YES;
				CLANG_WARN_EMPTY_BODY = YES;
				CLANG_WARN_ENUM_CONVERSION = YES;
				CLANG_WARN_INFINITE_RECURSION = YES;
				CLANG_WARN_INT_CONVERSION = YES;
				CLANG_WARN_NON_LITERAL_NULL_CONVERSION = YES;
				CLANG_WARN_OBJC_IMPLICIT_RETAIN_SELF = YES;
				CLANG_WARN_OBJC_LITERAL_CONVERSION = YES;
				CLANG_WARN_OBJC_ROOT_CLASS = YES_ERROR;
				CLANG_WARN_RANGE_LOOP_ANALYSIS = YES;
				CLANG_WARN_STRICT_PROTOTYPES = YES;
				CLANG_WARN_SUSPICIOUS_MOVE = YES;
				CLANG_WARN_UNGUARDED_AVAILABILITY = YES_AGGRESSIVE;
				CLANG_WARN_UNREACHABLE_CODE = YES;
				CLANG_WARN__DUPLICATE_METHOD_MATCH = YES;
				CODE_SIGN_IDENTITY = "iPhone Developer";
				COPY_PHASE_STRIP = NO;
				DEBUG_INFORMATION_FORMAT = "dwarf-with-dsym";
				ENABLE_NS_ASSERTIONS = NO;
				ENABLE_STRICT_OBJC_MSGSEND = YES;
				GCC_C_LANGUAGE_STANDARD = gnu11;
				GCC_NO_COMMON_BLOCKS = YES;
				GCC_WARN_64_TO_32_BIT_CONVERSION = YES;
				GCC_WARN_ABOUT_RETURN_TYPE = YES_ERROR;
				GCC_WARN_UNDECLARED_SELECTOR = YES;
				GCC_WARN_UNINITIALIZED_AUTOS = YES_AGGRESSIVE;
				GCC_WARN_UNUSED_FUNCTION = YES;
				GCC_WARN_UNUSED_VARIABLE = YES;
				IPHONEOS_DEPLOYMENT_TARGET = 11.3;
				MTL_ENABLE_DEBUG_INFO = NO;
				SDKROOT = iphoneos;
				SWIFT_COMPILATION_MODE = wholemodule;
				SWIFT_OPTIMIZATION_LEVEL = "-O";
				VALIDATE_PRODUCT = YES;
			};
			name = Release;
		};
		BF431A0D20C58B2100902FD2 /* Debug */ = {
			isa = XCBuildConfiguration;
			buildSettings = {
				ASSETCATALOG_COMPILER_APPICON_NAME = AppIcon;
				CODE_SIGN_STYLE = Automatic;
				DEVELOPMENT_TEAM = 5BEQK45V59;
				INFOPLIST_FILE = Xilophone/Info.plist;
				IPHONEOS_DEPLOYMENT_TARGET = 10.0;
				LD_RUNPATH_SEARCH_PATHS = (
					"$(inherited)",
					"@executable_path/Frameworks",
				);
				PRODUCT_BUNDLE_IDENTIFIER = Gulnaz.Xilophone;
				PRODUCT_NAME = "$(TARGET_NAME)";
				SWIFT_VERSION = 4.0;
				TARGETED_DEVICE_FAMILY = "1,2";
			};
			name = Debug;
		};
		BF431A0E20C58B2100902FD2 /* Release */ = {
			isa = XCBuildConfiguration;
			buildSettings = {
				ASSETCATALOG_COMPILER_APPICON_NAME = AppIcon;
				CODE_SIGN_STYLE = Automatic;
				DEVELOPMENT_TEAM = 5BEQK45V59;
				INFOPLIST_FILE = Xilophone/Info.plist;
				IPHONEOS_DEPLOYMENT_TARGET = 10.0;
				LD_RUNPATH_SEARCH_PATHS = (
					"$(inherited)",
					"@executable_path/Frameworks",
				);
				PRODUCT_BUNDLE_IDENTIFIER = Gulnaz.Xilophone;
				PRODUCT_NAME = "$(TARGET_NAME)";
				SWIFT_VERSION = 4.0;
				TARGETED_DEVICE_FAMILY = "1,2";
			};
			name = Release;
		};
/* End XCBuildConfiguration section */

/* Begin XCConfigurationList section */
		BF4319F520C58B1F00902FD2 /* Build configuration list for PBXProject "Xilophone" */ = {
			isa = XCConfigurationList;
			buildConfigurations = (
				BF431A0A20C58B2100902FD2 /* Debug */,
				BF431A0B20C58B2100902FD2 /* Release */,
			);
			defaultConfigurationIsVisible = 0;
			defaultConfigurationName = Release;
		};
		BF431A0C20C58B2100902FD2 /* Build configuration list for PBXNativeTarget "Xilophone" */ = {
			isa = XCConfigurationList;
			buildConfigurations = (
				BF431A0D20C58B2100902FD2 /* Debug */,
				BF431A0E20C58B2100902FD2 /* Release */,
			);
			defaultConfigurationIsVisible = 0;
			defaultConfigurationName = Release;
		};
/* End XCConfigurationList section */
	};
	rootObject = BF4319F220C58B1F00902FD2 /* Project object */;
}
