// !$*UTF8*$!
{
	archiveVersion = 1;
	classes = {
	};
	objectVersion = 50;
	objects = {

/* Begin PBXBuildFile section */
		BF01403F21332ABE0026C09F /* UIView+InterfacBuilder.swift in Sources */ = {isa = PBXBuildFile; fileRef = BF01403E21332ABD0026C09F /* UIView+InterfacBuilder.swift */; };
		BF0140412133D0A70026C09F /* Stopwatch.swift in Sources */ = {isa = PBXBuildFile; fileRef = BF0140402133D0A70026C09F /* Stopwatch.swift */; };
		BF58B70120CC0DBA0047D5CC /* DraggableView.swift in Sources */ = {isa = PBXBuildFile; fileRef = BF58B70020CC0DBA0047D5CC /* DraggableView.swift */; };
		BF6206E320B0D17F0015F82A /* SudokuViewController.swift in Sources */ = {isa = PBXBuildFile; fileRef = BF6206E220B0D17F0015F82A /* SudokuViewController.swift */; };
		BF6206E520B0D21A0015F82A /* DrawableImageView.swift in Sources */ = {isa = PBXBuildFile; fileRef = BF6206E420B0D21A0015F82A /* DrawableImageView.swift */; };
		BF6206E720B0D4830015F82A /* UIView+.swift in Sources */ = {isa = PBXBuildFile; fileRef = BF6206E620B0D4830015F82A /* UIView+.swift */; };
		BF69873520B2D8B8001B6ED4 /* ImageRecognitionMaster3.swift in Sources */ = {isa = PBXBuildFile; fileRef = BF69873420B2D8B8001B6ED4 /* ImageRecognitionMaster3.swift */; };
		BF83680320B445E4004298A3 /* Solution.m in Sources */ = {isa = PBXBuildFile; fileRef = BF8367FE20B445E2004298A3 /* Solution.m */; };
		BF83680420B445E4004298A3 /* SudokuGenerator.m in Sources */ = {isa = PBXBuildFile; fileRef = BF83680020B445E3004298A3 /* SudokuGenerator.m */; };
		BF83680520B445E4004298A3 /* Puzzle.m in Sources */ = {isa = PBXBuildFile; fileRef = BF83680120B445E3004298A3 /* Puzzle.m */; };
		BF83680620B445E4004298A3 /* Position.m in Sources */ = {isa = PBXBuildFile; fileRef = BF83680220B445E4004298A3 /* Position.m */; };
		BFB2BD2F20B56C980066597F /* PuzzleDifficultOptionsTableViewController.swift in Sources */ = {isa = PBXBuildFile; fileRef = BFB2BD2E20B56C980066597F /* PuzzleDifficultOptionsTableViewController.swift */; };
		BFB8DE3E20B0B86E0086DE33 /* AppDelegate.swift in Sources */ = {isa = PBXBuildFile; fileRef = BFB8DE3D20B0B86E0086DE33 /* AppDelegate.swift */; };
		BFB8DE4320B0B86E0086DE33 /* Main.storyboard in Resources */ = {isa = PBXBuildFile; fileRef = BFB8DE4120B0B86E0086DE33 /* Main.storyboard */; };
		BFB8DE4520B0B8700086DE33 /* Assets.xcassets in Resources */ = {isa = PBXBuildFile; fileRef = BFB8DE4420B0B8700086DE33 /* Assets.xcassets */; };
		BFB8DE4820B0B8700086DE33 /* LaunchScreen.storyboard in Resources */ = {isa = PBXBuildFile; fileRef = BFB8DE4620B0B8700086DE33 /* LaunchScreen.storyboard */; };
		BFEA09B320B1BE8F00757727 /* w23.txt in Resources */ = {isa = PBXBuildFile; fileRef = BFEA09B220B1BE8F00757727 /* w23.txt */; };
		BFEA09B520B1CE1C00757727 /* w12.txt in Resources */ = {isa = PBXBuildFile; fileRef = BFEA09B420B1CE1C00757727 /* w12.txt */; };
/* End PBXBuildFile section */

/* Begin PBXFileReference section */
		BF01403E21332ABD0026C09F /* UIView+InterfacBuilder.swift */ = {isa = PBXFileReference; fileEncoding = 4; lastKnownFileType = sourcecode.swift; path = "UIView+InterfacBuilder.swift"; sourceTree = "<group>"; };
		BF0140402133D0A70026C09F /* Stopwatch.swift */ = {isa = PBXFileReference; lastKnownFileType = sourcecode.swift; path = Stopwatch.swift; sourceTree = "<group>"; };
		BF58B70020CC0DBA0047D5CC /* DraggableView.swift */ = {isa = PBXFileReference; lastKnownFileType = sourcecode.swift; path = DraggableView.swift; sourceTree = "<group>"; };
		BF6206E220B0D17F0015F82A /* SudokuViewController.swift */ = {isa = PBXFileReference; lastKnownFileType = sourcecode.swift; path = SudokuViewController.swift; sourceTree = "<group>"; };
		BF6206E420B0D21A0015F82A /* DrawableImageView.swift */ = {isa = PBXFileReference; lastKnownFileType = sourcecode.swift; path = DrawableImageView.swift; sourceTree = "<group>"; };
		BF6206E620B0D4830015F82A /* UIView+.swift */ = {isa = PBXFileReference; fileEncoding = 4; lastKnownFileType = sourcecode.swift; path = "UIView+.swift"; sourceTree = "<group>"; };
		BF69873420B2D8B8001B6ED4 /* ImageRecognitionMaster3.swift */ = {isa = PBXFileReference; fileEncoding = 4; lastKnownFileType = sourcecode.swift; path = ImageRecognitionMaster3.swift; sourceTree = "<group>"; };
		BF8367FA20B445E0004298A3 /* Sudoku-Bridging-Header.h */ = {isa = PBXFileReference; lastKnownFileType = sourcecode.c.h; path = "Sudoku-Bridging-Header.h"; sourceTree = "<group>"; };
		BF8367FB20B445E1004298A3 /* Position.h */ = {isa = PBXFileReference; fileEncoding = 4; lastKnownFileType = sourcecode.c.h; path = Position.h; sourceTree = "<group>"; };
		BF8367FC20B445E1004298A3 /* Solution.h */ = {isa = PBXFileReference; fileEncoding = 4; lastKnownFileType = sourcecode.c.h; path = Solution.h; sourceTree = "<group>"; };
		BF8367FD20B445E2004298A3 /* Puzzle.h */ = {isa = PBXFileReference; fileEncoding = 4; lastKnownFileType = sourcecode.c.h; path = Puzzle.h; sourceTree = "<group>"; };
		BF8367FE20B445E2004298A3 /* Solution.m */ = {isa = PBXFileReference; fileEncoding = 4; lastKnownFileType = sourcecode.c.objc; path = Solution.m; sourceTree = "<group>"; };
		BF8367FF20B445E3004298A3 /* SudokuGenerator.h */ = {isa = PBXFileReference; fileEncoding = 4; lastKnownFileType = sourcecode.c.h; path = SudokuGenerator.h; sourceTree = "<group>"; };
		BF83680020B445E3004298A3 /* SudokuGenerator.m */ = {isa = PBXFileReference; fileEncoding = 4; lastKnownFileType = sourcecode.c.objc; path = SudokuGenerator.m; sourceTree = "<group>"; };
		BF83680120B445E3004298A3 /* Puzzle.m */ = {isa = PBXFileReference; fileEncoding = 4; lastKnownFileType = sourcecode.c.objc; path = Puzzle.m; sourceTree = "<group>"; };
		BF83680220B445E4004298A3 /* Position.m */ = {isa = PBXFileReference; fileEncoding = 4; lastKnownFileType = sourcecode.c.objc; path = Position.m; sourceTree = "<group>"; };
		BFB2BD2E20B56C980066597F /* PuzzleDifficultOptionsTableViewController.swift */ = {isa = PBXFileReference; lastKnownFileType = sourcecode.swift; path = PuzzleDifficultOptionsTableViewController.swift; sourceTree = "<group>"; };
		BFB8DE3A20B0B86E0086DE33 /* Sudoku.app */ = {isa = PBXFileReference; explicitFileType = wrapper.application; includeInIndex = 0; path = Sudoku.app; sourceTree = BUILT_PRODUCTS_DIR; };
		BFB8DE3D20B0B86E0086DE33 /* AppDelegate.swift */ = {isa = PBXFileReference; lastKnownFileType = sourcecode.swift; path = AppDelegate.swift; sourceTree = "<group>"; };
		BFB8DE4220B0B86E0086DE33 /* Base */ = {isa = PBXFileReference; lastKnownFileType = file.storyboard; name = Base; path = Base.lproj/Main.storyboard; sourceTree = "<group>"; };
		BFB8DE4420B0B8700086DE33 /* Assets.xcassets */ = {isa = PBXFileReference; lastKnownFileType = folder.assetcatalog; path = Assets.xcassets; sourceTree = "<group>"; };
		BFB8DE4720B0B8700086DE33 /* Base */ = {isa = PBXFileReference; lastKnownFileType = file.storyboard; name = Base; path = Base.lproj/LaunchScreen.storyboard; sourceTree = "<group>"; };
		BFB8DE4920B0B8700086DE33 /* Info.plist */ = {isa = PBXFileReference; lastKnownFileType = text.plist.xml; path = Info.plist; sourceTree = "<group>"; };
		BFEA09B220B1BE8F00757727 /* w23.txt */ = {isa = PBXFileReference; fileEncoding = 4; lastKnownFileType = text; path = w23.txt; sourceTree = "<group>"; };
		BFEA09B420B1CE1C00757727 /* w12.txt */ = {isa = PBXFileReference; fileEncoding = 4; lastKnownFileType = text; path = w12.txt; sourceTree = "<group>"; usesTabs = 0; };
/* End PBXFileReference section */

/* Begin PBXFrameworksBuildPhase section */
		BFB8DE3720B0B86E0086DE33 /* Frameworks */ = {
			isa = PBXFrameworksBuildPhase;
			buildActionMask = 2147483647;
			files = (
			);
			runOnlyForDeploymentPostprocessing = 0;
		};
/* End PBXFrameworksBuildPhase section */

/* Begin PBXGroup section */
		BF8367F920B439DB004298A3 /* Model */ = {
			isa = PBXGroup;
			children = (
				BF83680820B44670004298A3 /* External */,
				BF8367FA20B445E0004298A3 /* Sudoku-Bridging-Header.h */,
				BF69873420B2D8B8001B6ED4 /* ImageRecognitionMaster3.swift */,
				BFEA09B420B1CE1C00757727 /* w12.txt */,
				BFEA09B220B1BE8F00757727 /* w23.txt */,
			);
			path = Model;
			sourceTree = "<group>";
		};
		BF83680720B44662004298A3 /* Controller */ = {
			isa = PBXGroup;
			children = (
				BFB2BD2E20B56C980066597F /* PuzzleDifficultOptionsTableViewController.swift */,
				BF6206E220B0D17F0015F82A /* SudokuViewController.swift */,
				BF0140402133D0A70026C09F /* Stopwatch.swift */,
			);
			path = Controller;
			sourceTree = "<group>";
		};
		BF83680820B44670004298A3 /* External */ = {
			isa = PBXGroup;
			children = (
				BF8367FB20B445E1004298A3 /* Position.h */,
				BF83680220B445E4004298A3 /* Position.m */,
				BF8367FD20B445E2004298A3 /* Puzzle.h */,
				BF83680120B445E3004298A3 /* Puzzle.m */,
				BF8367FC20B445E1004298A3 /* Solution.h */,
				BF8367FE20B445E2004298A3 /* Solution.m */,
				BF8367FF20B445E3004298A3 /* SudokuGenerator.h */,
				BF83680020B445E3004298A3 /* SudokuGenerator.m */,
			);
			path = External;
			sourceTree = "<group>";
		};
		BF83680920B4469E004298A3 /* View */ = {
			isa = PBXGroup;
			children = (
				BFB8DE4420B0B8700086DE33 /* Assets.xcassets */,
				BFB8DE4120B0B86E0086DE33 /* Main.storyboard */,
				BFB8DE4620B0B8700086DE33 /* LaunchScreen.storyboard */,
				BF6206E420B0D21A0015F82A /* DrawableImageView.swift */,
				BF6206E620B0D4830015F82A /* UIView+.swift */,
				BF58B70020CC0DBA0047D5CC /* DraggableView.swift */,
				BF01403E21332ABD0026C09F /* UIView+InterfacBuilder.swift */,
			);
			path = View;
			sourceTree = "<group>";
		};
		BFB8DE3120B0B86E0086DE33 = {
			isa = PBXGroup;
			children = (
				BFB8DE3C20B0B86E0086DE33 /* Sudoku */,
				BFB8DE3B20B0B86E0086DE33 /* Products */,
			);
			sourceTree = "<group>";
		};
		BFB8DE3B20B0B86E0086DE33 /* Products */ = {
			isa = PBXGroup;
			children = (
				BFB8DE3A20B0B86E0086DE33 /* Sudoku.app */,
			);
			name = Products;
			sourceTree = "<group>";
		};
		BFB8DE3C20B0B86E0086DE33 /* Sudoku */ = {
			isa = PBXGroup;
			children = (
				BF8367F920B439DB004298A3 /* Model */,
				BF83680920B4469E004298A3 /* View */,
				BF83680720B44662004298A3 /* Controller */,
				BFB8DE3D20B0B86E0086DE33 /* AppDelegate.swift */,
				BFB8DE4920B0B8700086DE33 /* Info.plist */,
			);
			path = Sudoku;
			sourceTree = "<group>";
		};
/* End PBXGroup section */

/* Begin PBXNativeTarget section */
		BFB8DE3920B0B86E0086DE33 /* Sudoku */ = {
			isa = PBXNativeTarget;
			buildConfigurationList = BFB8DE4C20B0B8700086DE33 /* Build configuration list for PBXNativeTarget "Sudoku" */;
			buildPhases = (
				BFB8DE3620B0B86E0086DE33 /* Sources */,
				BFB8DE3720B0B86E0086DE33 /* Frameworks */,
				BFB8DE3820B0B86E0086DE33 /* Resources */,
			);
			buildRules = (
			);
			dependencies = (
			);
			name = Sudoku;
			productName = Sudoku;
			productReference = BFB8DE3A20B0B86E0086DE33 /* Sudoku.app */;
			productType = "com.apple.product-type.application";
		};
/* End PBXNativeTarget section */

/* Begin PBXProject section */
		BFB8DE3220B0B86E0086DE33 /* Project object */ = {
			isa = PBXProject;
			attributes = {
				LastSwiftUpdateCheck = 0930;
				LastUpgradeCheck = 0930;
				ORGANIZATIONNAME = Gulnaz;
				TargetAttributes = {
					BFB8DE3920B0B86E0086DE33 = {
						CreatedOnToolsVersion = 9.3;
						LastSwiftMigration = 0930;
					};
				};
			};
			buildConfigurationList = BFB8DE3520B0B86E0086DE33 /* Build configuration list for PBXProject "Sudoku" */;
			compatibilityVersion = "Xcode 9.3";
			developmentRegion = en;
			hasScannedForEncodings = 0;
			knownRegions = (
				en,
				Base,
			);
			mainGroup = BFB8DE3120B0B86E0086DE33;
			productRefGroup = BFB8DE3B20B0B86E0086DE33 /* Products */;
			projectDirPath = "";
			projectRoot = "";
			targets = (
				BFB8DE3920B0B86E0086DE33 /* Sudoku */,
			);
		};
/* End PBXProject section */

/* Begin PBXResourcesBuildPhase section */
		BFB8DE3820B0B86E0086DE33 /* Resources */ = {
			isa = PBXResourcesBuildPhase;
			buildActionMask = 2147483647;
			files = (
				BFEA09B320B1BE8F00757727 /* w23.txt in Resources */,
				BFB8DE4820B0B8700086DE33 /* LaunchScreen.storyboard in Resources */,
				BFB8DE4520B0B8700086DE33 /* Assets.xcassets in Resources */,
				BFEA09B520B1CE1C00757727 /* w12.txt in Resources */,
				BFB8DE4320B0B86E0086DE33 /* Main.storyboard in Resources */,
			);
			runOnlyForDeploymentPostprocessing = 0;
		};
/* End PBXResourcesBuildPhase section */

/* Begin PBXSourcesBuildPhase section */
		BFB8DE3620B0B86E0086DE33 /* Sources */ = {
			isa = PBXSourcesBuildPhase;
			buildActionMask = 2147483647;
			files = (
				BF58B70120CC0DBA0047D5CC /* DraggableView.swift in Sources */,
				BF0140412133D0A70026C09F /* Stopwatch.swift in Sources */,
				BF83680320B445E4004298A3 /* Solution.m in Sources */,
				BF6206E520B0D21A0015F82A /* DrawableImageView.swift in Sources */,
				BF6206E320B0D17F0015F82A /* SudokuViewController.swift in Sources */,
				BF69873520B2D8B8001B6ED4 /* ImageRecognitionMaster3.swift in Sources */,
				BF6206E720B0D4830015F82A /* UIView+.swift in Sources */,
				BFB2BD2F20B56C980066597F /* PuzzleDifficultOptionsTableViewController.swift in Sources */,
				BF83680620B445E4004298A3 /* Position.m in Sources */,
				BFB8DE3E20B0B86E0086DE33 /* AppDelegate.swift in Sources */,
				BF83680520B445E4004298A3 /* Puzzle.m in Sources */,
				BF01403F21332ABE0026C09F /* UIView+InterfacBuilder.swift in Sources */,
				BF83680420B445E4004298A3 /* SudokuGenerator.m in Sources */,
			);
			runOnlyForDeploymentPostprocessing = 0;
		};
/* End PBXSourcesBuildPhase section */

/* Begin PBXVariantGroup section */
		BFB8DE4120B0B86E0086DE33 /* Main.storyboard */ = {
			isa = PBXVariantGroup;
			children = (
				BFB8DE4220B0B86E0086DE33 /* Base */,
			);
			name = Main.storyboard;
			sourceTree = "<group>";
		};
		BFB8DE4620B0B8700086DE33 /* LaunchScreen.storyboard */ = {
			isa = PBXVariantGroup;
			children = (
				BFB8DE4720B0B8700086DE33 /* Base */,
			);
			name = LaunchScreen.storyboard;
			sourceTree = "<group>";
		};
/* End PBXVariantGroup section */

/* Begin XCBuildConfiguration section */
		BFB8DE4A20B0B8700086DE33 /* Debug */ = {
			isa = XCBuildConfiguration;
			buildSettings = {
				ALWAYS_SEARCH_USER_PATHS = NO;
				CLANG_ANALYZER_NONNULL = YES;
				CLANG_ANALYZER_NUMBER_OBJECT_CONVERSION = YES_AGGRESSIVE;
				CLANG_CXX_LANGUAGE_STANDARD = "gnu++14";
				CLANG_CXX_LIBRARY = "libc++";
				CLANG_ENABLE_MODULES = YES;
				CLANG_ENABLE_OBJC_ARC = YES;
				CLANG_ENABLE_OBJC_WEAK = YES;
				CLANG_WARN_BLOCK_CAPTURE_AUTORELEASING = YES;
				CLANG_WARN_BOOL_CONVERSION = YES;
				CLANG_WARN_COMMA = YES;
				CLANG_WARN_CONSTANT_CONVERSION = YES;
				CLANG_WARN_DEPRECATED_OBJC_IMPLEMENTATIONS = YES;
				CLANG_WARN_DIRECT_OBJC_ISA_USAGE = YES_ERROR;
				CLANG_WARN_DOCUMENTATION_COMMENTS = YES;
				CLANG_WARN_EMPTY_BODY = YES;
				CLANG_WARN_ENUM_CONVERSION = YES;
				CLANG_WARN_INFINITE_RECURSION = YES;
				CLANG_WARN_INT_CONVERSION = YES;
				CLANG_WARN_NON_LITERAL_NULL_CONVERSION = YES;
				CLANG_WARN_OBJC_IMPLICIT_RETAIN_SELF = YES;
				CLANG_WARN_OBJC_LITERAL_CONVERSION = YES;
				CLANG_WARN_OBJC_ROOT_CLASS = YES_ERROR;
				CLANG_WARN_RANGE_LOOP_ANALYSIS = YES;
				CLANG_WARN_STRICT_PROTOTYPES = YES;
				CLANG_WARN_SUSPICIOUS_MOVE = YES;
				CLANG_WARN_UNGUARDED_AVAILABILITY = YES_AGGRESSIVE;
				CLANG_WARN_UNREACHABLE_CODE = YES;
				CLANG_WARN__DUPLICATE_METHOD_MATCH = YES;
				CODE_SIGN_IDENTITY = "iPhone Developer";
				COPY_PHASE_STRIP = NO;
				DEBUG_INFORMATION_FORMAT = dwarf;
				ENABLE_STRICT_OBJC_MSGSEND = YES;
				ENABLE_TESTABILITY = YES;
				GCC_C_LANGUAGE_STANDARD = gnu11;
				GCC_DYNAMIC_NO_PIC = NO;
				GCC_NO_COMMON_BLOCKS = YES;
				GCC_OPTIMIZATION_LEVEL = 0;
				GCC_PREPROCESSOR_DEFINITIONS = (
					"DEBUG=1",
					"$(inherited)",
				);
				GCC_WARN_64_TO_32_BIT_CONVERSION = YES;
				GCC_WARN_ABOUT_RETURN_TYPE = YES_ERROR;
				GCC_WARN_UNDECLARED_SELECTOR = YES;
				GCC_WARN_UNINITIALIZED_AUTOS = YES_AGGRESSIVE;
				GCC_WARN_UNUSED_FUNCTION = YES;
				GCC_WARN_UNUSED_VARIABLE = YES;
				IPHONEOS_DEPLOYMENT_TARGET = 9.0;
				MTL_ENABLE_DEBUG_INFO = YES;
				ONLY_ACTIVE_ARCH = YES;
				SDKROOT = iphoneos;
				SWIFT_ACTIVE_COMPILATION_CONDITIONS = DEBUG;
				SWIFT_OPTIMIZATION_LEVEL = "-Onone";
			};
			name = Debug;
		};
		BFB8DE4B20B0B8700086DE33 /* Release */ = {
			isa = XCBuildConfiguration;
			buildSettings = {
				ALWAYS_SEARCH_USER_PATHS = NO;
				CLANG_ANALYZER_NONNULL = YES;
				CLANG_ANALYZER_NUMBER_OBJECT_CONVERSION = YES_AGGRESSIVE;
				CLANG_CXX_LANGUAGE_STANDARD = "gnu++14";
				CLANG_CXX_LIBRARY = "libc++";
				CLANG_ENABLE_MODULES = YES;
				CLANG_ENABLE_OBJC_ARC = YES;
				CLANG_ENABLE_OBJC_WEAK = YES;
				CLANG_WARN_BLOCK_CAPTURE_AUTORELEASING = YES;
				CLANG_WARN_BOOL_CONVERSION = YES;
				CLANG_WARN_COMMA = YES;
				CLANG_WARN_CONSTANT_CONVERSION = YES;
				CLANG_WARN_DEPRECATED_OBJC_IMPLEMENTATIONS = YES;
				CLANG_WARN_DIRECT_OBJC_ISA_USAGE = YES_ERROR;
				CLANG_WARN_DOCUMENTATION_COMMENTS = YES;
				CLANG_WARN_EMPTY_BODY = YES;
				CLANG_WARN_ENUM_CONVERSION = YES;
				CLANG_WARN_INFINITE_RECURSION = YES;
				CLANG_WARN_INT_CONVERSION = YES;
				CLANG_WARN_NON_LITERAL_NULL_CONVERSION = YES;
				CLANG_WARN_OBJC_IMPLICIT_RETAIN_SELF = YES;
				CLANG_WARN_OBJC_LITERAL_CONVERSION = YES;
				CLANG_WARN_OBJC_ROOT_CLASS = YES_ERROR;
				CLANG_WARN_RANGE_LOOP_ANALYSIS = YES;
				CLANG_WARN_STRICT_PROTOTYPES = YES;
				CLANG_WARN_SUSPICIOUS_MOVE = YES;
				CLANG_WARN_UNGUARDED_AVAILABILITY = YES_AGGRESSIVE;
				CLANG_WARN_UNREACHABLE_CODE = YES;
				CLANG_WARN__DUPLICATE_METHOD_MATCH = YES;
				CODE_SIGN_IDENTITY = "iPhone Developer";
				COPY_PHASE_STRIP = NO;
				DEBUG_INFORMATION_FORMAT = "dwarf-with-dsym";
				ENABLE_NS_ASSERTIONS = NO;
				ENABLE_STRICT_OBJC_MSGSEND = YES;
				GCC_C_LANGUAGE_STANDARD = gnu11;
				GCC_NO_COMMON_BLOCKS = YES;
				GCC_WARN_64_TO_32_BIT_CONVERSION = YES;
				GCC_WARN_ABOUT_RETURN_TYPE = YES_ERROR;
				GCC_WARN_UNDECLARED_SELECTOR = YES;
				GCC_WARN_UNINITIALIZED_AUTOS = YES_AGGRESSIVE;
				GCC_WARN_UNUSED_FUNCTION = YES;
				GCC_WARN_UNUSED_VARIABLE = YES;
				IPHONEOS_DEPLOYMENT_TARGET = 9.0;
				MTL_ENABLE_DEBUG_INFO = NO;
				SDKROOT = iphoneos;
				SWIFT_COMPILATION_MODE = wholemodule;
				SWIFT_OPTIMIZATION_LEVEL = "-O";
				VALIDATE_PRODUCT = YES;
			};
			name = Release;
		};
		BFB8DE4D20B0B8700086DE33 /* Debug */ = {
			isa = XCBuildConfiguration;
			buildSettings = {
				ASSETCATALOG_COMPILER_APPICON_NAME = AppIcon;
				CLANG_ENABLE_MODULES = YES;
				CODE_SIGN_STYLE = Automatic;
				DEVELOPMENT_TEAM = 5BEQK45V59;
				INFOPLIST_FILE = Sudoku/Info.plist;
				IPHONEOS_DEPLOYMENT_TARGET = 11.0;
				LD_RUNPATH_SEARCH_PATHS = (
					"$(inherited)",
					"@executable_path/Frameworks",
				);
				PRODUCT_BUNDLE_IDENTIFIER = Gulnaz.Sudoku;
				PRODUCT_NAME = "$(TARGET_NAME)";
				SWIFT_OBJC_BRIDGING_HEADER = "Sudoku/Model/Sudoku-Bridging-Header.h";
				SWIFT_OPTIMIZATION_LEVEL = "-Onone";
				SWIFT_VERSION = 4.0;
				TARGETED_DEVICE_FAMILY = "1,2";
			};
			name = Debug;
		};
		BFB8DE4E20B0B8700086DE33 /* Release */ = {
			isa = XCBuildConfiguration;
			buildSettings = {
				ASSETCATALOG_COMPILER_APPICON_NAME = AppIcon;
				CLANG_ENABLE_MODULES = YES;
				CODE_SIGN_STYLE = Automatic;
				DEVELOPMENT_TEAM = 5BEQK45V59;
				INFOPLIST_FILE = Sudoku/Info.plist;
				IPHONEOS_DEPLOYMENT_TARGET = 11.0;
				LD_RUNPATH_SEARCH_PATHS = (
					"$(inherited)",
					"@executable_path/Frameworks",
				);
				PRODUCT_BUNDLE_IDENTIFIER = Gulnaz.Sudoku;
				PRODUCT_NAME = "$(TARGET_NAME)";
				SWIFT_OBJC_BRIDGING_HEADER = "Sudoku/Model/Sudoku-Bridging-Header.h";
				SWIFT_VERSION = 4.0;
				TARGETED_DEVICE_FAMILY = "1,2";
			};
			name = Release;
		};
/* End XCBuildConfiguration section */

/* Begin XCConfigurationList section */
		BFB8DE3520B0B86E0086DE33 /* Build configuration list for PBXProject "Sudoku" */ = {
			isa = XCConfigurationList;
			buildConfigurations = (
				BFB8DE4A20B0B8700086DE33 /* Debug */,
				BFB8DE4B20B0B8700086DE33 /* Release */,
			);
			defaultConfigurationIsVisible = 0;
			defaultConfigurationName = Release;
		};
		BFB8DE4C20B0B8700086DE33 /* Build configuration list for PBXNativeTarget "Sudoku" */ = {
			isa = XCConfigurationList;
			buildConfigurations = (
				BFB8DE4D20B0B8700086DE33 /* Debug */,
				BFB8DE4E20B0B8700086DE33 /* Release */,
			);
			defaultConfigurationIsVisible = 0;
			defaultConfigurationName = Release;
		};
/* End XCConfigurationList section */
	};
	rootObject = BFB8DE3220B0B86E0086DE33 /* Project object */;
}
