// !$*UTF8*$!
{
	archiveVersion = 1;
	classes = {
	};
	objectVersion = 48;
	objects = {

/* Begin PBXBuildFile section */
		BFF6A86920879D1E00273B43 /* AppDelegate.swift in Sources */ = {isa = PBXBuildFile; fileRef = BFF6A86820879D1E00273B43 /* AppDelegate.swift */; };
		BFF6A86B20879D1E00273B43 /* ViewController.swift in Sources */ = {isa = PBXBuildFile; fileRef = BFF6A86A20879D1E00273B43 /* ViewController.swift */; };
		BFF6A86E20879D1E00273B43 /* Main.storyboard in Resources */ = {isa = PBXBuildFile; fileRef = BFF6A86C20879D1E00273B43 /* Main.storyboard */; };
		BFF6A87020879D1E00273B43 /* Assets.xcassets in Resources */ = {isa = PBXBuildFile; fileRef = BFF6A86F20879D1E00273B43 /* Assets.xcassets */; };
		BFF6A87320879D1E00273B43 /* LaunchScreen.storyboard in Resources */ = {isa = PBXBuildFile; fileRef = BFF6A87120879D1E00273B43 /* LaunchScreen.storyboard */; };
		BFF6A87B2087A63700273B43 /* UIView.swift in Sources */ = {isa = PBXBuildFile; fileRef = BFF6A87A2087A63700273B43 /* UIView.swift */; };
		BFF6A87D2087A6D600273B43 /* CGColor.swift in Sources */ = {isa = PBXBuildFile; fileRef = BFF6A87C2087A6D600273B43 /* CGColor.swift */; };
/* End PBXBuildFile section */

/* Begin PBXFileReference section */
		BFF6A86520879D1E00273B43 /* Dices.app */ = {isa = PBXFileReference; explicitFileType = wrapper.application; includeInIndex = 0; path = Dices.app; sourceTree = BUILT_PRODUCTS_DIR; };
		BFF6A86820879D1E00273B43 /* AppDelegate.swift */ = {isa = PBXFileReference; lastKnownFileType = sourcecode.swift; path = AppDelegate.swift; sourceTree = "<group>"; };
		BFF6A86A20879D1E00273B43 /* ViewController.swift */ = {isa = PBXFileReference; lastKnownFileType = sourcecode.swift; path = ViewController.swift; sourceTree = "<group>"; };
		BFF6A86D20879D1E00273B43 /* Base */ = {isa = PBXFileReference; lastKnownFileType = file.storyboard; name = Base; path = Base.lproj/Main.storyboard; sourceTree = "<group>"; };
		BFF6A86F20879D1E00273B43 /* Assets.xcassets */ = {isa = PBXFileReference; lastKnownFileType = folder.assetcatalog; path = Assets.xcassets; sourceTree = "<group>"; };
		BFF6A87220879D1E00273B43 /* Base */ = {isa = PBXFileReference; lastKnownFileType = file.storyboard; name = Base; path = Base.lproj/LaunchScreen.storyboard; sourceTree = "<group>"; };
		BFF6A87420879D1E00273B43 /* Info.plist */ = {isa = PBXFileReference; lastKnownFileType = text.plist.xml; path = Info.plist; sourceTree = "<group>"; };
		BFF6A87A2087A63700273B43 /* UIView.swift */ = {isa = PBXFileReference; fileEncoding = 4; lastKnownFileType = sourcecode.swift; path = UIView.swift; sourceTree = "<group>"; };
		BFF6A87C2087A6D600273B43 /* CGColor.swift */ = {isa = PBXFileReference; fileEncoding = 4; lastKnownFileType = sourcecode.swift; path = CGColor.swift; sourceTree = "<group>"; };
/* End PBXFileReference section */

/* Begin PBXFrameworksBuildPhase section */
		BFF6A86220879D1E00273B43 /* Frameworks */ = {
			isa = PBXFrameworksBuildPhase;
			buildActionMask = 2147483647;
			files = (
			);
			runOnlyForDeploymentPostprocessing = 0;
		};
/* End PBXFrameworksBuildPhase section */

/* Begin PBXGroup section */
		BFF6A85C20879D1E00273B43 = {
			isa = PBXGroup;
			children = (
				BFF6A86720879D1E00273B43 /* Dices */,
				BFF6A86620879D1E00273B43 /* Products */,
			);
			sourceTree = "<group>";
		};
		BFF6A86620879D1E00273B43 /* Products */ = {
			isa = PBXGroup;
			children = (
				BFF6A86520879D1E00273B43 /* Dices.app */,
			);
			name = Products;
			sourceTree = "<group>";
		};
		BFF6A86720879D1E00273B43 /* Dices */ = {
			isa = PBXGroup;
			children = (
				BFF6A87C2087A6D600273B43 /* CGColor.swift */,
				BFF6A87A2087A63700273B43 /* UIView.swift */,
				BFF6A86820879D1E00273B43 /* AppDelegate.swift */,
				BFF6A86A20879D1E00273B43 /* ViewController.swift */,
				BFF6A86C20879D1E00273B43 /* Main.storyboard */,
				BFF6A86F20879D1E00273B43 /* Assets.xcassets */,
				BFF6A87120879D1E00273B43 /* LaunchScreen.storyboard */,
				BFF6A87420879D1E00273B43 /* Info.plist */,
			);
			path = Dices;
			sourceTree = "<group>";
		};
/* End PBXGroup section */

/* Begin PBXNativeTarget section */
		BFF6A86420879D1E00273B43 /* Dices */ = {
			isa = PBXNativeTarget;
			buildConfigurationList = BFF6A87720879D1E00273B43 /* Build configuration list for PBXNativeTarget "Dices" */;
			buildPhases = (
				BFF6A86120879D1E00273B43 /* Sources */,
				BFF6A86220879D1E00273B43 /* Frameworks */,
				BFF6A86320879D1E00273B43 /* Resources */,
			);
			buildRules = (
			);
			dependencies = (
			);
			name = Dices;
			productName = Dices;
			productReference = BFF6A86520879D1E00273B43 /* Dices.app */;
			productType = "com.apple.product-type.application";
		};
/* End PBXNativeTarget section */

/* Begin PBXProject section */
		BFF6A85D20879D1E00273B43 /* Project object */ = {
			isa = PBXProject;
			attributes = {
				LastSwiftUpdateCheck = 0920;
				LastUpgradeCheck = 0920;
				ORGANIZATIONNAME = Gulnaz;
				TargetAttributes = {
					BFF6A86420879D1E00273B43 = {
						CreatedOnToolsVersion = 9.2;
						ProvisioningStyle = Automatic;
					};
				};
			};
			buildConfigurationList = BFF6A86020879D1E00273B43 /* Build configuration list for PBXProject "Dices" */;
			compatibilityVersion = "Xcode 8.0";
			developmentRegion = en;
			hasScannedForEncodings = 0;
			knownRegions = (
				en,
				Base,
			);
			mainGroup = BFF6A85C20879D1E00273B43;
			productRefGroup = BFF6A86620879D1E00273B43 /* Products */;
			projectDirPath = "";
			projectRoot = "";
			targets = (
				BFF6A86420879D1E00273B43 /* Dices */,
			);
		};
/* End PBXProject section */

/* Begin PBXResourcesBuildPhase section */
		BFF6A86320879D1E00273B43 /* Resources */ = {
			isa = PBXResourcesBuildPhase;
			buildActionMask = 2147483647;
			files = (
				BFF6A87320879D1E00273B43 /* LaunchScreen.storyboard in Resources */,
				BFF6A87020879D1E00273B43 /* Assets.xcassets in Resources */,
				BFF6A86E20879D1E00273B43 /* Main.storyboard in Resources */,
			);
			runOnlyForDeploymentPostprocessing = 0;
		};
/* End PBXResourcesBuildPhase section */

/* Begin PBXSourcesBuildPhase section */
		BFF6A86120879D1E00273B43 /* Sources */ = {
			isa = PBXSourcesBuildPhase;
			buildActionMask = 2147483647;
			files = (
				BFF6A86B20879D1E00273B43 /* ViewController.swift in Sources */,
				BFF6A87D2087A6D600273B43 /* CGColor.swift in Sources */,
				BFF6A87B2087A63700273B43 /* UIView.swift in Sources */,
				BFF6A86920879D1E00273B43 /* AppDelegate.swift in Sources */,
			);
			runOnlyForDeploymentPostprocessing = 0;
		};
/* End PBXSourcesBuildPhase section */

/* Begin PBXVariantGroup section */
		BFF6A86C20879D1E00273B43 /* Main.storyboard */ = {
			isa = PBXVariantGroup;
			children = (
				BFF6A86D20879D1E00273B43 /* Base */,
			);
			name = Main.storyboard;
			sourceTree = "<group>";
		};
		BFF6A87120879D1E00273B43 /* LaunchScreen.storyboard */ = {
			isa = PBXVariantGroup;
			children = (
				BFF6A87220879D1E00273B43 /* Base */,
			);
			name = LaunchScreen.storyboard;
			sourceTree = "<group>";
		};
/* End PBXVariantGroup section */

/* Begin XCBuildConfiguration section */
		BFF6A87520879D1E00273B43 /* Debug */ = {
			isa = XCBuildConfiguration;
			buildSettings = {
				ALWAYS_SEARCH_USER_PATHS = NO;
				CLANG_ANALYZER_NONNULL = YES;
				CLANG_ANALYZER_NUMBER_OBJECT_CONVERSION = YES_AGGRESSIVE;
				CLANG_CXX_LANGUAGE_STANDARD = "gnu++14";
				CLANG_CXX_LIBRARY = "libc++";
				CLANG_ENABLE_MODULES = YES;
				CLANG_ENABLE_OBJC_ARC = YES;
				CLANG_WARN_BLOCK_CAPTURE_AUTORELEASING = YES;
				CLANG_WARN_BOOL_CONVERSION = YES;
				CLANG_WARN_COMMA = YES;
				CLANG_WARN_CONSTANT_CONVERSION = YES;
				CLANG_WARN_DIRECT_OBJC_ISA_USAGE = YES_ERROR;
				CLANG_WARN_DOCUMENTATION_COMMENTS = YES;
				CLANG_WARN_EMPTY_BODY = YES;
				CLANG_WARN_ENUM_CONVERSION = YES;
				CLANG_WARN_INFINITE_RECURSION = YES;
				CLANG_WARN_INT_CONVERSION = YES;
				CLANG_WARN_NON_LITERAL_NULL_CONVERSION = YES;
				CLANG_WARN_OBJC_LITERAL_CONVERSION = YES;
				CLANG_WARN_OBJC_ROOT_CLASS = YES_ERROR;
				CLANG_WARN_RANGE_LOOP_ANALYSIS = YES;
				CLANG_WARN_STRICT_PROTOTYPES = YES;
				CLANG_WARN_SUSPICIOUS_MOVE = YES;
				CLANG_WARN_UNGUARDED_AVAILABILITY = YES_AGGRESSIVE;
				CLANG_WARN_UNREACHABLE_CODE = YES;
				CLANG_WARN__DUPLICATE_METHOD_MATCH = YES;
				CODE_SIGN_IDENTITY = "iPhone Developer";
				COPY_PHASE_STRIP = NO;
				DEBUG_INFORMATION_FORMAT = dwarf;
				ENABLE_STRICT_OBJC_MSGSEND = YES;
				ENABLE_TESTABILITY = YES;
				GCC_C_LANGUAGE_STANDARD = gnu11;
				GCC_DYNAMIC_NO_PIC = NO;
				GCC_NO_COMMON_BLOCKS = YES;
				GCC_OPTIMIZATION_LEVEL = 0;
				GCC_PREPROCESSOR_DEFINITIONS = (
					"DEBUG=1",
					"$(inherited)",
				);
				GCC_WARN_64_TO_32_BIT_CONVERSION = YES;
				GCC_WARN_ABOUT_RETURN_TYPE = YES_ERROR;
				GCC_WARN_UNDECLARED_SELECTOR = YES;
				GCC_WARN_UNINITIALIZED_AUTOS = YES_AGGRESSIVE;
				GCC_WARN_UNUSED_FUNCTION = YES;
				GCC_WARN_UNUSED_VARIABLE = YES;
				IPHONEOS_DEPLOYMENT_TARGET = 11.2;
				MTL_ENABLE_DEBUG_INFO = YES;
				ONLY_ACTIVE_ARCH = YES;
				SDKROOT = iphoneos;
				SWIFT_ACTIVE_COMPILATION_CONDITIONS = DEBUG;
				SWIFT_OPTIMIZATION_LEVEL = "-Onone";
			};
			name = Debug;
		};
		BFF6A87620879D1E00273B43 /* Release */ = {
			isa = XCBuildConfiguration;
			buildSettings = {
				ALWAYS_SEARCH_USER_PATHS = NO;
				CLANG_ANALYZER_NONNULL = YES;
				CLANG_ANALYZER_NUMBER_OBJECT_CONVERSION = YES_AGGRESSIVE;
				CLANG_CXX_LANGUAGE_STANDARD = "gnu++14";
				CLANG_CXX_LIBRARY = "libc++";
				CLANG_ENABLE_MODULES = YES;
				CLANG_ENABLE_OBJC_ARC = YES;
				CLANG_WARN_BLOCK_CAPTURE_AUTORELEASING = YES;
				CLANG_WARN_BOOL_CONVERSION = YES;
				CLANG_WARN_COMMA = YES;
				CLANG_WARN_CONSTANT_CONVERSION = YES;
				CLANG_WARN_DIRECT_OBJC_ISA_USAGE = YES_ERROR;
				CLANG_WARN_DOCUMENTATION_COMMENTS = YES;
				CLANG_WARN_EMPTY_BODY = YES;
				CLANG_WARN_ENUM_CONVERSION = YES;
				CLANG_WARN_INFINITE_RECURSION = YES;
				CLANG_WARN_INT_CONVERSION = YES;
				CLANG_WARN_NON_LITERAL_NULL_CONVERSION = YES;
				CLANG_WARN_OBJC_LITERAL_CONVERSION = YES;
				CLANG_WARN_OBJC_ROOT_CLASS = YES_ERROR;
				CLANG_WARN_RANGE_LOOP_ANALYSIS = YES;
				CLANG_WARN_STRICT_PROTOTYPES = YES;
				CLANG_WARN_SUSPICIOUS_MOVE = YES;
				CLANG_WARN_UNGUARDED_AVAILABILITY = YES_AGGRESSIVE;
				CLANG_WARN_UNREACHABLE_CODE = YES;
				CLANG_WARN__DUPLICATE_METHOD_MATCH = YES;
				CODE_SIGN_IDENTITY = "iPhone Developer";
				COPY_PHASE_STRIP = NO;
				DEBUG_INFORMATION_FORMAT = "dwarf-with-dsym";
				ENABLE_NS_ASSERTIONS = NO;
				ENABLE_STRICT_OBJC_MSGSEND = YES;
				GCC_C_LANGUAGE_STANDARD = gnu11;
				GCC_NO_COMMON_BLOCKS = YES;
				GCC_WARN_64_TO_32_BIT_CONVERSION = YES;
				GCC_WARN_ABOUT_RETURN_TYPE = YES_ERROR;
				GCC_WARN_UNDECLARED_SELECTOR = YES;
				GCC_WARN_UNINITIALIZED_AUTOS = YES_AGGRESSIVE;
				GCC_WARN_UNUSED_FUNCTION = YES;
				GCC_WARN_UNUSED_VARIABLE = YES;
				IPHONEOS_DEPLOYMENT_TARGET = 11.2;
				MTL_ENABLE_DEBUG_INFO = NO;
				SDKROOT = iphoneos;
				SWIFT_OPTIMIZATION_LEVEL = "-Owholemodule";
				VALIDATE_PRODUCT = YES;
			};
			name = Release;
		};
		BFF6A87820879D1E00273B43 /* Debug */ = {
			isa = XCBuildConfiguration;
			buildSettings = {
				ASSETCATALOG_COMPILER_APPICON_NAME = AppIcon;
				CODE_SIGN_STYLE = Automatic;
				DEVELOPMENT_TEAM = 5BEQK45V59;
				INFOPLIST_FILE = Dices/Info.plist;
				LD_RUNPATH_SEARCH_PATHS = "$(inherited) @executable_path/Frameworks";
				PRODUCT_BUNDLE_IDENTIFIER = com.GulnazCompany.dices;
				PRODUCT_NAME = "$(TARGET_NAME)";
				SWIFT_VERSION = 4.0;
				TARGETED_DEVICE_FAMILY = 1;
			};
			name = Debug;
		};
		BFF6A87920879D1E00273B43 /* Release */ = {
			isa = XCBuildConfiguration;
			buildSettings = {
				ASSETCATALOG_COMPILER_APPICON_NAME = AppIcon;
				CODE_SIGN_STYLE = Automatic;
				DEVELOPMENT_TEAM = 5BEQK45V59;
				INFOPLIST_FILE = Dices/Info.plist;
				LD_RUNPATH_SEARCH_PATHS = "$(inherited) @executable_path/Frameworks";
				PRODUCT_BUNDLE_IDENTIFIER = com.GulnazCompany.dices;
				PRODUCT_NAME = "$(TARGET_NAME)";
				SWIFT_VERSION = 4.0;
				TARGETED_DEVICE_FAMILY = 1;
			};
			name = Release;
		};
/* End XCBuildConfiguration section */

/* Begin XCConfigurationList section */
		BFF6A86020879D1E00273B43 /* Build configuration list for PBXProject "Dices" */ = {
			isa = XCConfigurationList;
			buildConfigurations = (
				BFF6A87520879D1E00273B43 /* Debug */,
				BFF6A87620879D1E00273B43 /* Release */,
			);
			defaultConfigurationIsVisible = 0;
			defaultConfigurationName = Release;
		};
		BFF6A87720879D1E00273B43 /* Build configuration list for PBXNativeTarget "Dices" */ = {
			isa = XCConfigurationList;
			buildConfigurations = (
				BFF6A87820879D1E00273B43 /* Debug */,
				BFF6A87920879D1E00273B43 /* Release */,
			);
			defaultConfigurationIsVisible = 0;
			defaultConfigurationName = Release;
		};
/* End XCConfigurationList section */
	};
	rootObject = BFF6A85D20879D1E00273B43 /* Project object */;
}
