// !$*UTF8*$!
{
	archiveVersion = 1;
	classes = {
	};
	objectVersion = 50;
	objects = {

/* Begin PBXBuildFile section */
		A9802B4C2BE676C14F0CDD67 /* Pods_PrivateChat.framework in Frameworks */ = {isa = PBXBuildFile; fileRef = 0C2925B7BDD6B40A6EDDBE66 /* Pods_PrivateChat.framework */; };
		BF1AABED2094800C001E00EE /* AppDelegate.swift in Sources */ = {isa = PBXBuildFile; fileRef = BF1AABEC2094800C001E00EE /* AppDelegate.swift */; };
		BF1AABEF2094800C001E00EE /* ViewController.swift in Sources */ = {isa = PBXBuildFile; fileRef = BF1AABEE2094800C001E00EE /* ViewController.swift */; };
		BF1AABF22094800C001E00EE /* Main.storyboard in Resources */ = {isa = PBXBuildFile; fileRef = BF1AABF02094800C001E00EE /* Main.storyboard */; };
		BF1AABF42094800C001E00EE /* Assets.xcassets in Resources */ = {isa = PBXBuildFile; fileRef = BF1AABF32094800C001E00EE /* Assets.xcassets */; };
		BF1AABF72094800C001E00EE /* LaunchScreen.storyboard in Resources */ = {isa = PBXBuildFile; fileRef = BF1AABF52094800C001E00EE /* LaunchScreen.storyboard */; };
		BF1AAC0220948033001E00EE /* CATransform3D+Helper.swift in Sources */ = {isa = PBXBuildFile; fileRef = BF1AABFF20948033001E00EE /* CATransform3D+Helper.swift */; };
		BF1AAC0320948033001E00EE /* Colors.swift in Sources */ = {isa = PBXBuildFile; fileRef = BF1AAC0020948033001E00EE /* Colors.swift */; };
		BF1AAC0420948033001E00EE /* Degree.swift in Sources */ = {isa = PBXBuildFile; fileRef = BF1AAC0120948033001E00EE /* Degree.swift */; };
		BF1AAC1820948048001E00EE /* CritterView.swift in Sources */ = {isa = PBXBuildFile; fileRef = BF1AAC0720948048001E00EE /* CritterView.swift */; };
		BF1AAC1920948048001E00EE /* CritterAnimatable.swift in Sources */ = {isa = PBXBuildFile; fileRef = BF1AAC0820948048001E00EE /* CritterAnimatable.swift */; };
		BF1AAC1A20948048001E00EE /* Nose.swift in Sources */ = {isa = PBXBuildFile; fileRef = BF1AAC0A20948048001E00EE /* Nose.swift */; };
		BF1AAC1B20948048001E00EE /* Head.swift in Sources */ = {isa = PBXBuildFile; fileRef = BF1AAC0B20948048001E00EE /* Head.swift */; };
		BF1AAC1C20948048001E00EE /* RightEarMask.swift in Sources */ = {isa = PBXBuildFile; fileRef = BF1AAC0C20948048001E00EE /* RightEarMask.swift */; };
		BF1AAC1D20948048001E00EE /* LeftEye.swift in Sources */ = {isa = PBXBuildFile; fileRef = BF1AAC0D20948048001E00EE /* LeftEye.swift */; };
		BF1AAC1E20948048001E00EE /* RightEye.swift in Sources */ = {isa = PBXBuildFile; fileRef = BF1AAC0E20948048001E00EE /* RightEye.swift */; };
		BF1AAC1F20948048001E00EE /* LeftEarMask.swift in Sources */ = {isa = PBXBuildFile; fileRef = BF1AAC0F20948048001E00EE /* LeftEarMask.swift */; };
		BF1AAC2020948048001E00EE /* LeftArm.swift in Sources */ = {isa = PBXBuildFile; fileRef = BF1AAC1020948048001E00EE /* LeftArm.swift */; };
		BF1AAC2120948048001E00EE /* Muzzle.swift in Sources */ = {isa = PBXBuildFile; fileRef = BF1AAC1120948048001E00EE /* Muzzle.swift */; };
		BF1AAC2220948048001E00EE /* RightArm.swift in Sources */ = {isa = PBXBuildFile; fileRef = BF1AAC1220948048001E00EE /* RightArm.swift */; };
		BF1AAC2320948048001E00EE /* RightEar.swift in Sources */ = {isa = PBXBuildFile; fileRef = BF1AAC1320948048001E00EE /* RightEar.swift */; };
		BF1AAC2420948048001E00EE /* Body.swift in Sources */ = {isa = PBXBuildFile; fileRef = BF1AAC1420948048001E00EE /* Body.swift */; };
		BF1AAC2520948048001E00EE /* LeftEar.swift in Sources */ = {isa = PBXBuildFile; fileRef = BF1AAC1520948048001E00EE /* LeftEar.swift */; };
		BF1AAC2620948048001E00EE /* Mouth.swift in Sources */ = {isa = PBXBuildFile; fileRef = BF1AAC1620948048001E00EE /* Mouth.swift */; };
		BF1AAC2720948048001E00EE /* CritterAssets.swift in Sources */ = {isa = PBXBuildFile; fileRef = BF1AAC1720948048001E00EE /* CritterAssets.swift */; };
		BF1AAC2920948059001E00EE /* LoginViewController.swift in Sources */ = {isa = PBXBuildFile; fileRef = BF1AAC2820948059001E00EE /* LoginViewController.swift */; };
		BF64384A209E364D00D7E68A /* Message.swift in Sources */ = {isa = PBXBuildFile; fileRef = BF643849209E364D00D7E68A /* Message.swift */; };
		BF64384C209E36AE00D7E68A /* User.swift in Sources */ = {isa = PBXBuildFile; fileRef = BF64384B209E36AE00D7E68A /* User.swift */; };
		BF64384E209E371300D7E68A /* ChatTableViewController.swift in Sources */ = {isa = PBXBuildFile; fileRef = BF64384D209E371300D7E68A /* ChatTableViewController.swift */; };
		BF643850209E403800D7E68A /* MessageTableViewCell.swift in Sources */ = {isa = PBXBuildFile; fileRef = BF64384F209E403800D7E68A /* MessageTableViewCell.swift */; };
		BF64385420A195F000D7E68A /* Storage.swift in Sources */ = {isa = PBXBuildFile; fileRef = BF64385320A195F000D7E68A /* Storage.swift */; };
		BF7D9477209C74020081A9E9 /* GoogleService-Info.plist in Resources */ = {isa = PBXBuildFile; fileRef = BF7D9476209C74020081A9E9 /* GoogleService-Info.plist */; };
/* End PBXBuildFile section */

/* Begin PBXFileReference section */
		0C2925B7BDD6B40A6EDDBE66 /* Pods_PrivateChat.framework */ = {isa = PBXFileReference; explicitFileType = wrapper.framework; includeInIndex = 0; path = Pods_PrivateChat.framework; sourceTree = BUILT_PRODUCTS_DIR; };
		1EB898563BCB2A127145A496 /* Pods-PrivateChat.debug.xcconfig */ = {isa = PBXFileReference; includeInIndex = 1; lastKnownFileType = text.xcconfig; name = "Pods-PrivateChat.debug.xcconfig"; path = "Pods/Target Support Files/Pods-PrivateChat/Pods-PrivateChat.debug.xcconfig"; sourceTree = "<group>"; };
		B1FD24C87B7806F336ED73EE /* Pods-PrivateChat.release.xcconfig */ = {isa = PBXFileReference; includeInIndex = 1; lastKnownFileType = text.xcconfig; name = "Pods-PrivateChat.release.xcconfig"; path = "Pods/Target Support Files/Pods-PrivateChat/Pods-PrivateChat.release.xcconfig"; sourceTree = "<group>"; };
		BF1AABE92094800C001E00EE /* PrivateChat.app */ = {isa = PBXFileReference; explicitFileType = wrapper.application; includeInIndex = 0; path = PrivateChat.app; sourceTree = BUILT_PRODUCTS_DIR; };
		BF1AABEC2094800C001E00EE /* AppDelegate.swift */ = {isa = PBXFileReference; lastKnownFileType = sourcecode.swift; path = AppDelegate.swift; sourceTree = "<group>"; };
		BF1AABEE2094800C001E00EE /* ViewController.swift */ = {isa = PBXFileReference; lastKnownFileType = sourcecode.swift; path = ViewController.swift; sourceTree = "<group>"; };
		BF1AABF12094800C001E00EE /* Base */ = {isa = PBXFileReference; lastKnownFileType = file.storyboard; name = Base; path = Base.lproj/Main.storyboard; sourceTree = "<group>"; };
		BF1AABF32094800C001E00EE /* Assets.xcassets */ = {isa = PBXFileReference; lastKnownFileType = folder.assetcatalog; path = Assets.xcassets; sourceTree = "<group>"; };
		BF1AABF62094800C001E00EE /* Base */ = {isa = PBXFileReference; lastKnownFileType = file.storyboard; name = Base; path = Base.lproj/LaunchScreen.storyboard; sourceTree = "<group>"; };
		BF1AABF82094800C001E00EE /* Info.plist */ = {isa = PBXFileReference; lastKnownFileType = text.plist.xml; path = Info.plist; sourceTree = "<group>"; };
		BF1AABFF20948033001E00EE /* CATransform3D+Helper.swift */ = {isa = PBXFileReference; fileEncoding = 4; lastKnownFileType = sourcecode.swift; path = "CATransform3D+Helper.swift"; sourceTree = "<group>"; };
		BF1AAC0020948033001E00EE /* Colors.swift */ = {isa = PBXFileReference; fileEncoding = 4; lastKnownFileType = sourcecode.swift; path = Colors.swift; sourceTree = "<group>"; };
		BF1AAC0120948033001E00EE /* Degree.swift */ = {isa = PBXFileReference; fileEncoding = 4; lastKnownFileType = sourcecode.swift; path = Degree.swift; sourceTree = "<group>"; };
		BF1AAC0720948048001E00EE /* CritterView.swift */ = {isa = PBXFileReference; fileEncoding = 4; lastKnownFileType = sourcecode.swift; path = CritterView.swift; sourceTree = "<group>"; };
		BF1AAC0820948048001E00EE /* CritterAnimatable.swift */ = {isa = PBXFileReference; fileEncoding = 4; lastKnownFileType = sourcecode.swift; path = CritterAnimatable.swift; sourceTree = "<group>"; };
		BF1AAC0A20948048001E00EE /* Nose.swift */ = {isa = PBXFileReference; fileEncoding = 4; lastKnownFileType = sourcecode.swift; path = Nose.swift; sourceTree = "<group>"; };
		BF1AAC0B20948048001E00EE /* Head.swift */ = {isa = PBXFileReference; fileEncoding = 4; lastKnownFileType = sourcecode.swift; path = Head.swift; sourceTree = "<group>"; };
		BF1AAC0C20948048001E00EE /* RightEarMask.swift */ = {isa = PBXFileReference; fileEncoding = 4; lastKnownFileType = sourcecode.swift; path = RightEarMask.swift; sourceTree = "<group>"; };
		BF1AAC0D20948048001E00EE /* LeftEye.swift */ = {isa = PBXFileReference; fileEncoding = 4; lastKnownFileType = sourcecode.swift; path = LeftEye.swift; sourceTree = "<group>"; };
		BF1AAC0E20948048001E00EE /* RightEye.swift */ = {isa = PBXFileReference; fileEncoding = 4; lastKnownFileType = sourcecode.swift; path = RightEye.swift; sourceTree = "<group>"; };
		BF1AAC0F20948048001E00EE /* LeftEarMask.swift */ = {isa = PBXFileReference; fileEncoding = 4; lastKnownFileType = sourcecode.swift; path = LeftEarMask.swift; sourceTree = "<group>"; };
		BF1AAC1020948048001E00EE /* LeftArm.swift */ = {isa = PBXFileReference; fileEncoding = 4; lastKnownFileType = sourcecode.swift; path = LeftArm.swift; sourceTree = "<group>"; };
		BF1AAC1120948048001E00EE /* Muzzle.swift */ = {isa = PBXFileReference; fileEncoding = 4; lastKnownFileType = sourcecode.swift; path = Muzzle.swift; sourceTree = "<group>"; };
		BF1AAC1220948048001E00EE /* RightArm.swift */ = {isa = PBXFileReference; fileEncoding = 4; lastKnownFileType = sourcecode.swift; path = RightArm.swift; sourceTree = "<group>"; };
		BF1AAC1320948048001E00EE /* RightEar.swift */ = {isa = PBXFileReference; fileEncoding = 4; lastKnownFileType = sourcecode.swift; path = RightEar.swift; sourceTree = "<group>"; };
		BF1AAC1420948048001E00EE /* Body.swift */ = {isa = PBXFileReference; fileEncoding = 4; lastKnownFileType = sourcecode.swift; path = Body.swift; sourceTree = "<group>"; };
		BF1AAC1520948048001E00EE /* LeftEar.swift */ = {isa = PBXFileReference; fileEncoding = 4; lastKnownFileType = sourcecode.swift; path = LeftEar.swift; sourceTree = "<group>"; };
		BF1AAC1620948048001E00EE /* Mouth.swift */ = {isa = PBXFileReference; fileEncoding = 4; lastKnownFileType = sourcecode.swift; path = Mouth.swift; sourceTree = "<group>"; };
		BF1AAC1720948048001E00EE /* CritterAssets.swift */ = {isa = PBXFileReference; fileEncoding = 4; lastKnownFileType = sourcecode.swift; path = CritterAssets.swift; sourceTree = "<group>"; };
		BF1AAC2820948059001E00EE /* LoginViewController.swift */ = {isa = PBXFileReference; fileEncoding = 4; lastKnownFileType = sourcecode.swift; path = LoginViewController.swift; sourceTree = "<group>"; };
		BF643849209E364D00D7E68A /* Message.swift */ = {isa = PBXFileReference; lastKnownFileType = sourcecode.swift; path = Message.swift; sourceTree = "<group>"; };
		BF64384B209E36AE00D7E68A /* User.swift */ = {isa = PBXFileReference; lastKnownFileType = sourcecode.swift; path = User.swift; sourceTree = "<group>"; };
		BF64384D209E371300D7E68A /* ChatTableViewController.swift */ = {isa = PBXFileReference; lastKnownFileType = sourcecode.swift; path = ChatTableViewController.swift; sourceTree = "<group>"; };
		BF64384F209E403800D7E68A /* MessageTableViewCell.swift */ = {isa = PBXFileReference; lastKnownFileType = sourcecode.swift; path = MessageTableViewCell.swift; sourceTree = "<group>"; };
		BF64385320A195F000D7E68A /* Storage.swift */ = {isa = PBXFileReference; lastKnownFileType = sourcecode.swift; path = Storage.swift; sourceTree = "<group>"; };
		BF7D9476209C74020081A9E9 /* GoogleService-Info.plist */ = {isa = PBXFileReference; fileEncoding = 4; lastKnownFileType = text.plist.xml; path = "GoogleService-Info.plist"; sourceTree = "<group>"; };
/* End PBXFileReference section */

/* Begin PBXFrameworksBuildPhase section */
		BF1AABE62094800C001E00EE /* Frameworks */ = {
			isa = PBXFrameworksBuildPhase;
			buildActionMask = 2147483647;
			files = (
				A9802B4C2BE676C14F0CDD67 /* Pods_PrivateChat.framework in Frameworks */,
			);
			runOnlyForDeploymentPostprocessing = 0;
		};
/* End PBXFrameworksBuildPhase section */

/* Begin PBXGroup section */
		6B7E1BC161D9C2E03A5BB3B6 /* Pods */ = {
			isa = PBXGroup;
			children = (
				1EB898563BCB2A127145A496 /* Pods-PrivateChat.debug.xcconfig */,
				B1FD24C87B7806F336ED73EE /* Pods-PrivateChat.release.xcconfig */,
			);
			name = Pods;
			sourceTree = "<group>";
		};
		BF1AABE02094800C001E00EE = {
			isa = PBXGroup;
			children = (
				BF1AABEB2094800C001E00EE /* PrivateChat */,
				BF1AABEA2094800C001E00EE /* Products */,
				6B7E1BC161D9C2E03A5BB3B6 /* Pods */,
				FD9529EF596D1C06EDB2F2DE /* Frameworks */,
			);
			sourceTree = "<group>";
		};
		BF1AABEA2094800C001E00EE /* Products */ = {
			isa = PBXGroup;
			children = (
				BF1AABE92094800C001E00EE /* PrivateChat.app */,
			);
			name = Products;
			sourceTree = "<group>";
		};
		BF1AABEB2094800C001E00EE /* PrivateChat */ = {
			isa = PBXGroup;
			children = (
				BF643848209E363C00D7E68A /* Model */,
				BF1AAC052094803F001E00EE /* View */,
				BF1AABFE20948033001E00EE /* Helpers */,
				BF1AAC2A20948093001E00EE /* Controller */,
				BF1AABEC2094800C001E00EE /* AppDelegate.swift */,
				BF1AABF82094800C001E00EE /* Info.plist */,
				BF7D9476209C74020081A9E9 /* GoogleService-Info.plist */,
			);
			path = PrivateChat;
			sourceTree = "<group>";
		};
		BF1AABFE20948033001E00EE /* Helpers */ = {
			isa = PBXGroup;
			children = (
				BF1AABFF20948033001E00EE /* CATransform3D+Helper.swift */,
				BF1AAC0020948033001E00EE /* Colors.swift */,
				BF1AAC0120948033001E00EE /* Degree.swift */,
			);
			name = Helpers;
			path = "../../../../Users/gulnazalmuhametova/Downloads/LoginCritter-master/LoginCritter/Sources/Helpers";
			sourceTree = "<group>";
		};
		BF1AAC052094803F001E00EE /* View */ = {
			isa = PBXGroup;
			children = (
				BF1AABF02094800C001E00EE /* Main.storyboard */,
				BF1AABF52094800C001E00EE /* LaunchScreen.storyboard */,
				BF64384F209E403800D7E68A /* MessageTableViewCell.swift */,
				BF1AABF32094800C001E00EE /* Assets.xcassets */,
				BF1AAC0620948048001E00EE /* Critter */,
			);
			path = View;
			sourceTree = "<group>";
		};
		BF1AAC0620948048001E00EE /* Critter */ = {
			isa = PBXGroup;
			children = (
				BF1AAC0720948048001E00EE /* CritterView.swift */,
				BF1AAC0820948048001E00EE /* CritterAnimatable.swift */,
				BF1AAC0920948048001E00EE /* Parts */,
				BF1AAC1720948048001E00EE /* CritterAssets.swift */,
			);
			path = Critter;
			sourceTree = "<group>";
		};
		BF1AAC0920948048001E00EE /* Parts */ = {
			isa = PBXGroup;
			children = (
				BF1AAC0A20948048001E00EE /* Nose.swift */,
				BF1AAC0B20948048001E00EE /* Head.swift */,
				BF1AAC0C20948048001E00EE /* RightEarMask.swift */,
				BF1AAC0D20948048001E00EE /* LeftEye.swift */,
				BF1AAC0E20948048001E00EE /* RightEye.swift */,
				BF1AAC0F20948048001E00EE /* LeftEarMask.swift */,
				BF1AAC1020948048001E00EE /* LeftArm.swift */,
				BF1AAC1120948048001E00EE /* Muzzle.swift */,
				BF1AAC1220948048001E00EE /* RightArm.swift */,
				BF1AAC1320948048001E00EE /* RightEar.swift */,
				BF1AAC1420948048001E00EE /* Body.swift */,
				BF1AAC1520948048001E00EE /* LeftEar.swift */,
				BF1AAC1620948048001E00EE /* Mouth.swift */,
			);
			path = Parts;
			sourceTree = "<group>";
		};
		BF1AAC2A20948093001E00EE /* Controller */ = {
			isa = PBXGroup;
			children = (
				BF1AABEE2094800C001E00EE /* ViewController.swift */,
				BF1AAC2820948059001E00EE /* LoginViewController.swift */,
				BF64384D209E371300D7E68A /* ChatTableViewController.swift */,
			);
			path = Controller;
			sourceTree = "<group>";
		};
		BF643848209E363C00D7E68A /* Model */ = {
			isa = PBXGroup;
			children = (
				BF643849209E364D00D7E68A /* Message.swift */,
				BF64384B209E36AE00D7E68A /* User.swift */,
				BF64385320A195F000D7E68A /* Storage.swift */,
			);
			path = Model;
			sourceTree = "<group>";
		};
		FD9529EF596D1C06EDB2F2DE /* Frameworks */ = {
			isa = PBXGroup;
			children = (
				0C2925B7BDD6B40A6EDDBE66 /* Pods_PrivateChat.framework */,
			);
			name = Frameworks;
			sourceTree = "<group>";
		};
/* End PBXGroup section */

/* Begin PBXNativeTarget section */
		BF1AABE82094800C001E00EE /* PrivateChat */ = {
			isa = PBXNativeTarget;
			buildConfigurationList = BF1AABFB2094800C001E00EE /* Build configuration list for PBXNativeTarget "PrivateChat" */;
			buildPhases = (
				5E682FFDB8F2E652CE2E86C1 /* [CP] Check Pods Manifest.lock */,
				BF1AABE52094800C001E00EE /* Sources */,
				BF1AABE62094800C001E00EE /* Frameworks */,
				BF1AABE72094800C001E00EE /* Resources */,
				940C94B047D546897CA96E55 /* [CP] Embed Pods Frameworks */,
			);
			buildRules = (
			);
			dependencies = (
			);
			name = PrivateChat;
			productName = PrivateChat;
			productReference = BF1AABE92094800C001E00EE /* PrivateChat.app */;
			productType = "com.apple.product-type.application";
		};
/* End PBXNativeTarget section */

/* Begin PBXProject section */
		BF1AABE12094800C001E00EE /* Project object */ = {
			isa = PBXProject;
			attributes = {
				LastSwiftUpdateCheck = 0930;
				LastUpgradeCheck = 0930;
				ORGANIZATIONNAME = Gulnaz;
				TargetAttributes = {
					BF1AABE82094800C001E00EE = {
						CreatedOnToolsVersion = 9.3;
						SystemCapabilities = {
							com.apple.BackgroundModes = {
								enabled = 1;
							};
						};
					};
				};
			};
			buildConfigurationList = BF1AABE42094800C001E00EE /* Build configuration list for PBXProject "PrivateChat" */;
			compatibilityVersion = "Xcode 9.3";
			developmentRegion = en;
			hasScannedForEncodings = 0;
			knownRegions = (
				en,
				Base,
			);
			mainGroup = BF1AABE02094800C001E00EE;
			productRefGroup = BF1AABEA2094800C001E00EE /* Products */;
			projectDirPath = "";
			projectRoot = "";
			targets = (
				BF1AABE82094800C001E00EE /* PrivateChat */,
			);
		};
/* End PBXProject section */

/* Begin PBXResourcesBuildPhase section */
		BF1AABE72094800C001E00EE /* Resources */ = {
			isa = PBXResourcesBuildPhase;
			buildActionMask = 2147483647;
			files = (
				BF1AABF72094800C001E00EE /* LaunchScreen.storyboard in Resources */,
				BF7D9477209C74020081A9E9 /* GoogleService-Info.plist in Resources */,
				BF1AABF42094800C001E00EE /* Assets.xcassets in Resources */,
				BF1AABF22094800C001E00EE /* Main.storyboard in Resources */,
			);
			runOnlyForDeploymentPostprocessing = 0;
		};
/* End PBXResourcesBuildPhase section */

/* Begin PBXShellScriptBuildPhase section */
		5E682FFDB8F2E652CE2E86C1 /* [CP] Check Pods Manifest.lock */ = {
			isa = PBXShellScriptBuildPhase;
			buildActionMask = 2147483647;
			files = (
			);
			inputPaths = (
				"${PODS_PODFILE_DIR_PATH}/Podfile.lock",
				"${PODS_ROOT}/Manifest.lock",
			);
			name = "[CP] Check Pods Manifest.lock";
			outputPaths = (
				"$(DERIVED_FILE_DIR)/Pods-PrivateChat-checkManifestLockResult.txt",
			);
			runOnlyForDeploymentPostprocessing = 0;
			shellPath = /bin/sh;
			shellScript = "diff \"${PODS_PODFILE_DIR_PATH}/Podfile.lock\" \"${PODS_ROOT}/Manifest.lock\" > /dev/null\nif [ $? != 0 ] ; then\n    # print error to STDERR\n    echo \"error: The sandbox is not in sync with the Podfile.lock. Run 'pod install' or update your CocoaPods installation.\" >&2\n    exit 1\nfi\n# This output is used by Xcode 'outputs' to avoid re-running this script phase.\necho \"SUCCESS\" > \"${SCRIPT_OUTPUT_FILE_0}\"\n";
			showEnvVarsInLog = 0;
		};
		940C94B047D546897CA96E55 /* [CP] Embed Pods Frameworks */ = {
			isa = PBXShellScriptBuildPhase;
			buildActionMask = 2147483647;
			files = (
			);
			inputPaths = (
				"${SRCROOT}/Pods/Target Support Files/Pods-PrivateChat/Pods-PrivateChat-frameworks.sh",
				"${BUILT_PRODUCTS_DIR}/GTMSessionFetcher/GTMSessionFetcher.framework",
				"${BUILT_PRODUCTS_DIR}/GoogleToolboxForMac/GoogleToolboxForMac.framework",
				"${BUILT_PRODUCTS_DIR}/ProgressHUD/ProgressHUD.framework",
				"${BUILT_PRODUCTS_DIR}/leveldb-library/leveldb.framework",
				"${BUILT_PRODUCTS_DIR}/nanopb/nanopb.framework",
			);
			name = "[CP] Embed Pods Frameworks";
			outputPaths = (
				"${TARGET_BUILD_DIR}/${FRAMEWORKS_FOLDER_PATH}/GTMSessionFetcher.framework",
				"${TARGET_BUILD_DIR}/${FRAMEWORKS_FOLDER_PATH}/GoogleToolboxForMac.framework",
				"${TARGET_BUILD_DIR}/${FRAMEWORKS_FOLDER_PATH}/ProgressHUD.framework",
				"${TARGET_BUILD_DIR}/${FRAMEWORKS_FOLDER_PATH}/leveldb.framework",
				"${TARGET_BUILD_DIR}/${FRAMEWORKS_FOLDER_PATH}/nanopb.framework",
			);
			runOnlyForDeploymentPostprocessing = 0;
			shellPath = /bin/sh;
			shellScript = "\"${SRCROOT}/Pods/Target Support Files/Pods-PrivateChat/Pods-PrivateChat-frameworks.sh\"\n";
			showEnvVarsInLog = 0;
		};
/* End PBXShellScriptBuildPhase section */

/* Begin PBXSourcesBuildPhase section */
		BF1AABE52094800C001E00EE /* Sources */ = {
			isa = PBXSourcesBuildPhase;
			buildActionMask = 2147483647;
			files = (
				BF1AAC1B20948048001E00EE /* Head.swift in Sources */,
				BF1AAC2720948048001E00EE /* CritterAssets.swift in Sources */,
				BF1AABEF2094800C001E00EE /* ViewController.swift in Sources */,
				BF1AAC0420948033001E00EE /* Degree.swift in Sources */,
				BF1AAC2420948048001E00EE /* Body.swift in Sources */,
				BF1AAC1A20948048001E00EE /* Nose.swift in Sources */,
				BF1AAC2320948048001E00EE /* RightEar.swift in Sources */,
				BF643850209E403800D7E68A /* MessageTableViewCell.swift in Sources */,
				BF1AAC2120948048001E00EE /* Muzzle.swift in Sources */,
				BF1AAC1820948048001E00EE /* CritterView.swift in Sources */,
				BF1AAC1F20948048001E00EE /* LeftEarMask.swift in Sources */,
				BF1AAC2920948059001E00EE /* LoginViewController.swift in Sources */,
				BF1AAC2220948048001E00EE /* RightArm.swift in Sources */,
				BF1AAC0320948033001E00EE /* Colors.swift in Sources */,
				BF64385420A195F000D7E68A /* Storage.swift in Sources */,
				BF1AAC1E20948048001E00EE /* RightEye.swift in Sources */,
				BF64384E209E371300D7E68A /* ChatTableViewController.swift in Sources */,
				BF1AABED2094800C001E00EE /* AppDelegate.swift in Sources */,
				BF1AAC1C20948048001E00EE /* RightEarMask.swift in Sources */,
				BF1AAC1920948048001E00EE /* CritterAnimatable.swift in Sources */,
				BF64384A209E364D00D7E68A /* Message.swift in Sources */,
				BF1AAC0220948033001E00EE /* CATransform3D+Helper.swift in Sources */,
				BF1AAC1D20948048001E00EE /* LeftEye.swift in Sources */,
				BF64384C209E36AE00D7E68A /* User.swift in Sources */,
				BF1AAC2520948048001E00EE /* LeftEar.swift in Sources */,
				BF1AAC2020948048001E00EE /* LeftArm.swift in Sources */,
				BF1AAC2620948048001E00EE /* Mouth.swift in Sources */,
			);
			runOnlyForDeploymentPostprocessing = 0;
		};
/* End PBXSourcesBuildPhase section */

/* Begin PBXVariantGroup section */
		BF1AABF02094800C001E00EE /* Main.storyboard */ = {
			isa = PBXVariantGroup;
			children = (
				BF1AABF12094800C001E00EE /* Base */,
			);
			name = Main.storyboard;
			sourceTree = "<group>";
		};
		BF1AABF52094800C001E00EE /* LaunchScreen.storyboard */ = {
			isa = PBXVariantGroup;
			children = (
				BF1AABF62094800C001E00EE /* Base */,
			);
			name = LaunchScreen.storyboard;
			sourceTree = "<group>";
		};
/* End PBXVariantGroup section */

/* Begin XCBuildConfiguration section */
		BF1AABF92094800C001E00EE /* Debug */ = {
			isa = XCBuildConfiguration;
			buildSettings = {
				ALWAYS_SEARCH_USER_PATHS = NO;
				CLANG_ANALYZER_NONNULL = YES;
				CLANG_ANALYZER_NUMBER_OBJECT_CONVERSION = YES_AGGRESSIVE;
				CLANG_CXX_LANGUAGE_STANDARD = "gnu++14";
				CLANG_CXX_LIBRARY = "libc++";
				CLANG_ENABLE_MODULES = YES;
				CLANG_ENABLE_OBJC_ARC = YES;
				CLANG_ENABLE_OBJC_WEAK = YES;
				CLANG_WARN_BLOCK_CAPTURE_AUTORELEASING = YES;
				CLANG_WARN_BOOL_CONVERSION = YES;
				CLANG_WARN_COMMA = YES;
				CLANG_WARN_CONSTANT_CONVERSION = YES;
				CLANG_WARN_DEPRECATED_OBJC_IMPLEMENTATIONS = YES;
				CLANG_WARN_DIRECT_OBJC_ISA_USAGE = YES_ERROR;
				CLANG_WARN_DOCUMENTATION_COMMENTS = YES;
				CLANG_WARN_EMPTY_BODY = YES;
				CLANG_WARN_ENUM_CONVERSION = YES;
				CLANG_WARN_INFINITE_RECURSION = YES;
				CLANG_WARN_INT_CONVERSION = YES;
				CLANG_WARN_NON_LITERAL_NULL_CONVERSION = YES;
				CLANG_WARN_OBJC_IMPLICIT_RETAIN_SELF = YES;
				CLANG_WARN_OBJC_LITERAL_CONVERSION = YES;
				CLANG_WARN_OBJC_ROOT_CLASS = YES_ERROR;
				CLANG_WARN_RANGE_LOOP_ANALYSIS = YES;
				CLANG_WARN_STRICT_PROTOTYPES = YES;
				CLANG_WARN_SUSPICIOUS_MOVE = YES;
				CLANG_WARN_UNGUARDED_AVAILABILITY = YES_AGGRESSIVE;
				CLANG_WARN_UNREACHABLE_CODE = YES;
				CLANG_WARN__DUPLICATE_METHOD_MATCH = YES;
				CODE_SIGN_IDENTITY = "iPhone Developer";
				COPY_PHASE_STRIP = NO;
				DEBUG_INFORMATION_FORMAT = dwarf;
				ENABLE_STRICT_OBJC_MSGSEND = YES;
				ENABLE_TESTABILITY = YES;
				GCC_C_LANGUAGE_STANDARD = gnu11;
				GCC_DYNAMIC_NO_PIC = NO;
				GCC_NO_COMMON_BLOCKS = YES;
				GCC_OPTIMIZATION_LEVEL = 0;
				GCC_PREPROCESSOR_DEFINITIONS = (
					"DEBUG=1",
					"$(inherited)",
				);
				GCC_WARN_64_TO_32_BIT_CONVERSION = YES;
				GCC_WARN_ABOUT_RETURN_TYPE = YES_ERROR;
				GCC_WARN_UNDECLARED_SELECTOR = YES;
				GCC_WARN_UNINITIALIZED_AUTOS = YES_AGGRESSIVE;
				GCC_WARN_UNUSED_FUNCTION = YES;
				GCC_WARN_UNUSED_VARIABLE = YES;
				IPHONEOS_DEPLOYMENT_TARGET = 11.3;
				MTL_ENABLE_DEBUG_INFO = YES;
				ONLY_ACTIVE_ARCH = YES;
				SDKROOT = iphoneos;
				SWIFT_ACTIVE_COMPILATION_CONDITIONS = DEBUG;
				SWIFT_OPTIMIZATION_LEVEL = "-Onone";
			};
			name = Debug;
		};
		BF1AABFA2094800C001E00EE /* Release */ = {
			isa = XCBuildConfiguration;
			buildSettings = {
				ALWAYS_SEARCH_USER_PATHS = NO;
				CLANG_ANALYZER_NONNULL = YES;
				CLANG_ANALYZER_NUMBER_OBJECT_CONVERSION = YES_AGGRESSIVE;
				CLANG_CXX_LANGUAGE_STANDARD = "gnu++14";
				CLANG_CXX_LIBRARY = "libc++";
				CLANG_ENABLE_MODULES = YES;
				CLANG_ENABLE_OBJC_ARC = YES;
				CLANG_ENABLE_OBJC_WEAK = YES;
				CLANG_WARN_BLOCK_CAPTURE_AUTORELEASING = YES;
				CLANG_WARN_BOOL_CONVERSION = YES;
				CLANG_WARN_COMMA = YES;
				CLANG_WARN_CONSTANT_CONVERSION = YES;
				CLANG_WARN_DEPRECATED_OBJC_IMPLEMENTATIONS = YES;
				CLANG_WARN_DIRECT_OBJC_ISA_USAGE = YES_ERROR;
				CLANG_WARN_DOCUMENTATION_COMMENTS = YES;
				CLANG_WARN_EMPTY_BODY = YES;
				CLANG_WARN_ENUM_CONVERSION = YES;
				CLANG_WARN_INFINITE_RECURSION = YES;
				CLANG_WARN_INT_CONVERSION = YES;
				CLANG_WARN_NON_LITERAL_NULL_CONVERSION = YES;
				CLANG_WARN_OBJC_IMPLICIT_RETAIN_SELF = YES;
				CLANG_WARN_OBJC_LITERAL_CONVERSION = YES;
				CLANG_WARN_OBJC_ROOT_CLASS = YES_ERROR;
				CLANG_WARN_RANGE_LOOP_ANALYSIS = YES;
				CLANG_WARN_STRICT_PROTOTYPES = YES;
				CLANG_WARN_SUSPICIOUS_MOVE = YES;
				CLANG_WARN_UNGUARDED_AVAILABILITY = YES_AGGRESSIVE;
				CLANG_WARN_UNREACHABLE_CODE = YES;
				CLANG_WARN__DUPLICATE_METHOD_MATCH = YES;
				CODE_SIGN_IDENTITY = "iPhone Developer";
				COPY_PHASE_STRIP = NO;
				DEBUG_INFORMATION_FORMAT = "dwarf-with-dsym";
				ENABLE_NS_ASSERTIONS = NO;
				ENABLE_STRICT_OBJC_MSGSEND = YES;
				GCC_C_LANGUAGE_STANDARD = gnu11;
				GCC_NO_COMMON_BLOCKS = YES;
				GCC_WARN_64_TO_32_BIT_CONVERSION = YES;
				GCC_WARN_ABOUT_RETURN_TYPE = YES_ERROR;
				GCC_WARN_UNDECLARED_SELECTOR = YES;
				GCC_WARN_UNINITIALIZED_AUTOS = YES_AGGRESSIVE;
				GCC_WARN_UNUSED_FUNCTION = YES;
				GCC_WARN_UNUSED_VARIABLE = YES;
				IPHONEOS_DEPLOYMENT_TARGET = 11.3;
				MTL_ENABLE_DEBUG_INFO = NO;
				SDKROOT = iphoneos;
				SWIFT_COMPILATION_MODE = wholemodule;
				SWIFT_OPTIMIZATION_LEVEL = "-O";
				VALIDATE_PRODUCT = YES;
			};
			name = Release;
		};
		BF1AABFC2094800C001E00EE /* Debug */ = {
			isa = XCBuildConfiguration;
			baseConfigurationReference = 1EB898563BCB2A127145A496 /* Pods-PrivateChat.debug.xcconfig */;
			buildSettings = {
				ASSETCATALOG_COMPILER_APPICON_NAME = AppIcon;
				CODE_SIGN_STYLE = Automatic;
				DEVELOPMENT_TEAM = 5BEQK45V59;
				INFOPLIST_FILE = PrivateChat/Info.plist;
				LD_RUNPATH_SEARCH_PATHS = (
					"$(inherited)",
					"@executable_path/Frameworks",
				);
				PRODUCT_BUNDLE_IDENTIFIER = Gulnaz.PrivateChat;
				PRODUCT_NAME = "$(TARGET_NAME)";
				SWIFT_VERSION = 4.0;
				TARGETED_DEVICE_FAMILY = "1,2";
			};
			name = Debug;
		};
		BF1AABFD2094800C001E00EE /* Release */ = {
			isa = XCBuildConfiguration;
			baseConfigurationReference = B1FD24C87B7806F336ED73EE /* Pods-PrivateChat.release.xcconfig */;
			buildSettings = {
				ASSETCATALOG_COMPILER_APPICON_NAME = AppIcon;
				CODE_SIGN_STYLE = Automatic;
				DEVELOPMENT_TEAM = 5BEQK45V59;
				INFOPLIST_FILE = PrivateChat/Info.plist;
				LD_RUNPATH_SEARCH_PATHS = (
					"$(inherited)",
					"@executable_path/Frameworks",
				);
				PRODUCT_BUNDLE_IDENTIFIER = Gulnaz.PrivateChat;
				PRODUCT_NAME = "$(TARGET_NAME)";
				SWIFT_VERSION = 4.0;
				TARGETED_DEVICE_FAMILY = "1,2";
			};
			name = Release;
		};
/* End XCBuildConfiguration section */

/* Begin XCConfigurationList section */
		BF1AABE42094800C001E00EE /* Build configuration list for PBXProject "PrivateChat" */ = {
			isa = XCConfigurationList;
			buildConfigurations = (
				BF1AABF92094800C001E00EE /* Debug */,
				BF1AABFA2094800C001E00EE /* Release */,
			);
			defaultConfigurationIsVisible = 0;
			defaultConfigurationName = Release;
		};
		BF1AABFB2094800C001E00EE /* Build configuration list for PBXNativeTarget "PrivateChat" */ = {
			isa = XCConfigurationList;
			buildConfigurations = (
				BF1AABFC2094800C001E00EE /* Debug */,
				BF1AABFD2094800C001E00EE /* Release */,
			);
			defaultConfigurationIsVisible = 0;
			defaultConfigurationName = Release;
		};
/* End XCConfigurationList section */
	};
	rootObject = BF1AABE12094800C001E00EE /* Project object */;
}
