// !$*UTF8*$!
{
	archiveVersion = 1;
	classes = {
	};
	objectVersion = 50;
	objects = {

/* Begin PBXBuildFile section */
		28849C4620BFAEBEBF473E32 /* Pods_Mojo.framework in Frameworks */ = {isa = PBXBuildFile; fileRef = 8EB9197B79A8F38789703979 /* Pods_Mojo.framework */; };
		BF293EB320ADC44500F162A5 /* CategoriesTableViewControllerRealm.swift in Sources */ = {isa = PBXBuildFile; fileRef = BF293EB220ADC44500F162A5 /* CategoriesTableViewControllerRealm.swift */; };
		BF293EB520ADDDC500F162A5 /* CoreDataDataSource.swift in Sources */ = {isa = PBXBuildFile; fileRef = BF293EB420ADDDC500F162A5 /* CoreDataDataSource.swift */; };
		BF293EB820ADE6C500F162A5 /* CategoriesTableViewControllerState.swift in Sources */ = {isa = PBXBuildFile; fileRef = BF293EB720ADE6C500F162A5 /* CategoriesTableViewControllerState.swift */; };
		BF293EBA20ADE6E100F162A5 /* ItemsTableViewControllerState.swift in Sources */ = {isa = PBXBuildFile; fileRef = BF293EB920ADE6E100F162A5 /* ItemsTableViewControllerState.swift */; };
		BF39C36A20AC61FD00FE1154 /* RealmTypes.swift in Sources */ = {isa = PBXBuildFile; fileRef = BF39C36920AC61FD00FE1154 /* RealmTypes.swift */; };
		BFEC4E3B20AAD15D000A2CC0 /* StorageModel.xcdatamodeld in Sources */ = {isa = PBXBuildFile; fileRef = BFEC4E3920AAD15D000A2CC0 /* StorageModel.xcdatamodeld */; };
		BFF5396B20A9692D000B74DA /* AppDelegate.swift in Sources */ = {isa = PBXBuildFile; fileRef = BFF5396A20A9692D000B74DA /* AppDelegate.swift */; };
		BFF5396D20A9692D000B74DA /* RealmDataSource.swift in Sources */ = {isa = PBXBuildFile; fileRef = BFF5396C20A9692D000B74DA /* RealmDataSource.swift */; };
		BFF5397020A9692D000B74DA /* Main.storyboard in Resources */ = {isa = PBXBuildFile; fileRef = BFF5396E20A9692D000B74DA /* Main.storyboard */; };
		BFF5397220A9692F000B74DA /* Assets.xcassets in Resources */ = {isa = PBXBuildFile; fileRef = BFF5397120A9692F000B74DA /* Assets.xcassets */; };
		BFF5397520A9692F000B74DA /* LaunchScreen.storyboard in Resources */ = {isa = PBXBuildFile; fileRef = BFF5397320A9692F000B74DA /* LaunchScreen.storyboard */; };
		BFF5397D20A96A5B000B74DA /* Category.swift in Sources */ = {isa = PBXBuildFile; fileRef = BFF5397C20A96A5B000B74DA /* Category.swift */; };
		BFF5397F20A9838A000B74DA /* ItemsTableViewController.swift in Sources */ = {isa = PBXBuildFile; fileRef = BFF5397E20A9838A000B74DA /* ItemsTableViewController.swift */; };
		BFF5398420A98759000B74DA /* Item.swift in Sources */ = {isa = PBXBuildFile; fileRef = BFF5398320A98759000B74DA /* Item.swift */; };
		BFF5398A20A9876A000B74DA /* PlistStorage.swift in Sources */ = {isa = PBXBuildFile; fileRef = BFF5398920A9876A000B74DA /* PlistStorage.swift */; };
/* End PBXBuildFile section */

/* Begin PBXFileReference section */
		46D46EE042E2D353E60402F5 /* Pods-Mojo.debug.xcconfig */ = {isa = PBXFileReference; includeInIndex = 1; lastKnownFileType = text.xcconfig; name = "Pods-Mojo.debug.xcconfig"; path = "Pods/Target Support Files/Pods-Mojo/Pods-Mojo.debug.xcconfig"; sourceTree = "<group>"; };
		8EB9197B79A8F38789703979 /* Pods_Mojo.framework */ = {isa = PBXFileReference; explicitFileType = wrapper.framework; includeInIndex = 0; path = Pods_Mojo.framework; sourceTree = BUILT_PRODUCTS_DIR; };
		BF293EB220ADC44500F162A5 /* CategoriesTableViewControllerRealm.swift */ = {isa = PBXFileReference; fileEncoding = 4; lastKnownFileType = sourcecode.swift; path = CategoriesTableViewControllerRealm.swift; sourceTree = "<group>"; };
		BF293EB420ADDDC500F162A5 /* CoreDataDataSource.swift */ = {isa = PBXFileReference; fileEncoding = 4; lastKnownFileType = sourcecode.swift; path = CoreDataDataSource.swift; sourceTree = "<group>"; };
		BF293EB720ADE6C500F162A5 /* CategoriesTableViewControllerState.swift */ = {isa = PBXFileReference; lastKnownFileType = sourcecode.swift; path = CategoriesTableViewControllerState.swift; sourceTree = "<group>"; };
		BF293EB920ADE6E100F162A5 /* ItemsTableViewControllerState.swift */ = {isa = PBXFileReference; lastKnownFileType = sourcecode.swift; path = ItemsTableViewControllerState.swift; sourceTree = "<group>"; };
		BF39C36920AC61FD00FE1154 /* RealmTypes.swift */ = {isa = PBXFileReference; lastKnownFileType = sourcecode.swift; path = RealmTypes.swift; sourceTree = "<group>"; };
		BFEC4E3A20AAD15D000A2CC0 /* StorageModel.xcdatamodel */ = {isa = PBXFileReference; lastKnownFileType = wrapper.xcdatamodel; path = StorageModel.xcdatamodel; sourceTree = "<group>"; };
		BFF5396720A9692D000B74DA /* Mojo.app */ = {isa = PBXFileReference; explicitFileType = wrapper.application; includeInIndex = 0; path = Mojo.app; sourceTree = BUILT_PRODUCTS_DIR; };
		BFF5396A20A9692D000B74DA /* AppDelegate.swift */ = {isa = PBXFileReference; lastKnownFileType = sourcecode.swift; path = AppDelegate.swift; sourceTree = "<group>"; };
		BFF5396C20A9692D000B74DA /* RealmDataSource.swift */ = {isa = PBXFileReference; lastKnownFileType = sourcecode.swift; path = RealmDataSource.swift; sourceTree = "<group>"; };
		BFF5396F20A9692D000B74DA /* Base */ = {isa = PBXFileReference; lastKnownFileType = file.storyboard; name = Base; path = Base.lproj/Main.storyboard; sourceTree = "<group>"; };
		BFF5397120A9692F000B74DA /* Assets.xcassets */ = {isa = PBXFileReference; lastKnownFileType = folder.assetcatalog; path = Assets.xcassets; sourceTree = "<group>"; };
		BFF5397420A9692F000B74DA /* Base */ = {isa = PBXFileReference; lastKnownFileType = file.storyboard; name = Base; path = Base.lproj/LaunchScreen.storyboard; sourceTree = "<group>"; };
		BFF5397620A9692F000B74DA /* Info.plist */ = {isa = PBXFileReference; lastKnownFileType = text.plist.xml; path = Info.plist; sourceTree = "<group>"; };
		BFF5397C20A96A5B000B74DA /* Category.swift */ = {isa = PBXFileReference; lastKnownFileType = sourcecode.swift; path = Category.swift; sourceTree = "<group>"; };
		BFF5397E20A9838A000B74DA /* ItemsTableViewController.swift */ = {isa = PBXFileReference; fileEncoding = 4; lastKnownFileType = sourcecode.swift; path = ItemsTableViewController.swift; sourceTree = "<group>"; };
		BFF5398320A98759000B74DA /* Item.swift */ = {isa = PBXFileReference; fileEncoding = 4; lastKnownFileType = sourcecode.swift; path = Item.swift; sourceTree = "<group>"; };
		BFF5398920A9876A000B74DA /* PlistStorage.swift */ = {isa = PBXFileReference; fileEncoding = 4; lastKnownFileType = sourcecode.swift; path = PlistStorage.swift; sourceTree = "<group>"; };
		F956F57B6549B020B8BC478D /* Pods-Mojo.release.xcconfig */ = {isa = PBXFileReference; includeInIndex = 1; lastKnownFileType = text.xcconfig; name = "Pods-Mojo.release.xcconfig"; path = "Pods/Target Support Files/Pods-Mojo/Pods-Mojo.release.xcconfig"; sourceTree = "<group>"; };
/* End PBXFileReference section */

/* Begin PBXFrameworksBuildPhase section */
		BFF5396420A9692D000B74DA /* Frameworks */ = {
			isa = PBXFrameworksBuildPhase;
			buildActionMask = 2147483647;
			files = (
				28849C4620BFAEBEBF473E32 /* Pods_Mojo.framework in Frameworks */,
			);
			runOnlyForDeploymentPostprocessing = 0;
		};
/* End PBXFrameworksBuildPhase section */

/* Begin PBXGroup section */
		BF293EB620ADE68600F162A5 /* ControllerStates */ = {
			isa = PBXGroup;
			children = (
				BFF5396C20A9692D000B74DA /* RealmDataSource.swift */,
				BF293EB420ADDDC500F162A5 /* CoreDataDataSource.swift */,
				BF293EB720ADE6C500F162A5 /* CategoriesTableViewControllerState.swift */,
				BF293EB920ADE6E100F162A5 /* ItemsTableViewControllerState.swift */,
			);
			path = ControllerStates;
			sourceTree = "<group>";
		};
		BFF5395E20A9692D000B74DA = {
			isa = PBXGroup;
			children = (
				BFF5396920A9692D000B74DA /* Mojo */,
				BFF5396820A9692D000B74DA /* Products */,
				F010455D2EE2CFD000C5034C /* Pods */,
				F3B93D6CEA753D9E44378842 /* Frameworks */,
			);
			sourceTree = "<group>";
		};
		BFF5396820A9692D000B74DA /* Products */ = {
			isa = PBXGroup;
			children = (
				BFF5396720A9692D000B74DA /* Mojo.app */,
			);
			name = Products;
			sourceTree = "<group>";
		};
		BFF5396920A9692D000B74DA /* Mojo */ = {
			isa = PBXGroup;
			children = (
				BFF5398020A9872E000B74DA /* Controller */,
				BFF5398120A9873A000B74DA /* View */,
				BFF5398220A98742000B74DA /* Model */,
				BFF5396A20A9692D000B74DA /* AppDelegate.swift */,
				BFF5397620A9692F000B74DA /* Info.plist */,
			);
			path = Mojo;
			sourceTree = "<group>";
		};
		BFF5398020A9872E000B74DA /* Controller */ = {
			isa = PBXGroup;
			children = (
				BF293EB620ADE68600F162A5 /* ControllerStates */,
				BF293EB220ADC44500F162A5 /* CategoriesTableViewControllerRealm.swift */,
				BFF5397E20A9838A000B74DA /* ItemsTableViewController.swift */,
			);
			path = Controller;
			sourceTree = "<group>";
		};
		BFF5398120A9873A000B74DA /* View */ = {
			isa = PBXGroup;
			children = (
				BFF5396E20A9692D000B74DA /* Main.storyboard */,
				BFF5397120A9692F000B74DA /* Assets.xcassets */,
				BFF5397320A9692F000B74DA /* LaunchScreen.storyboard */,
			);
			path = View;
			sourceTree = "<group>";
		};
		BFF5398220A98742000B74DA /* Model */ = {
			isa = PBXGroup;
			children = (
				BFF5397C20A96A5B000B74DA /* Category.swift */,
				BFF5398320A98759000B74DA /* Item.swift */,
				BFF5398920A9876A000B74DA /* PlistStorage.swift */,
				BFEC4E3920AAD15D000A2CC0 /* StorageModel.xcdatamodeld */,
				BF39C36920AC61FD00FE1154 /* RealmTypes.swift */,
			);
			path = Model;
			sourceTree = "<group>";
		};
		F010455D2EE2CFD000C5034C /* Pods */ = {
			isa = PBXGroup;
			children = (
				46D46EE042E2D353E60402F5 /* Pods-Mojo.debug.xcconfig */,
				F956F57B6549B020B8BC478D /* Pods-Mojo.release.xcconfig */,
			);
			name = Pods;
			sourceTree = "<group>";
		};
		F3B93D6CEA753D9E44378842 /* Frameworks */ = {
			isa = PBXGroup;
			children = (
				8EB9197B79A8F38789703979 /* Pods_Mojo.framework */,
			);
			name = Frameworks;
			sourceTree = "<group>";
		};
/* End PBXGroup section */

/* Begin PBXNativeTarget section */
		BFF5396620A9692D000B74DA /* Mojo */ = {
			isa = PBXNativeTarget;
			buildConfigurationList = BFF5397920A9692F000B74DA /* Build configuration list for PBXNativeTarget "Mojo" */;
			buildPhases = (
				7AC4BC46E96154A81257E7EE /* [CP] Check Pods Manifest.lock */,
				BFF5396320A9692D000B74DA /* Sources */,
				BFF5396420A9692D000B74DA /* Frameworks */,
				BFF5396520A9692D000B74DA /* Resources */,
				BB5D8A1BDA2FFF2342824457 /* [CP] Embed Pods Frameworks */,
			);
			buildRules = (
			);
			dependencies = (
			);
			name = Mojo;
			productName = Mojo;
			productReference = BFF5396720A9692D000B74DA /* Mojo.app */;
			productType = "com.apple.product-type.application";
		};
/* End PBXNativeTarget section */

/* Begin PBXProject section */
		BFF5395F20A9692D000B74DA /* Project object */ = {
			isa = PBXProject;
			attributes = {
				LastSwiftUpdateCheck = 0930;
				LastUpgradeCheck = 0930;
				ORGANIZATIONNAME = Gulnaz;
				TargetAttributes = {
					BFF5396620A9692D000B74DA = {
						CreatedOnToolsVersion = 9.3;
					};
				};
			};
			buildConfigurationList = BFF5396220A9692D000B74DA /* Build configuration list for PBXProject "Mojo" */;
			compatibilityVersion = "Xcode 9.3";
			developmentRegion = en;
			hasScannedForEncodings = 0;
			knownRegions = (
				en,
				Base,
			);
			mainGroup = BFF5395E20A9692D000B74DA;
			productRefGroup = BFF5396820A9692D000B74DA /* Products */;
			projectDirPath = "";
			projectRoot = "";
			targets = (
				BFF5396620A9692D000B74DA /* Mojo */,
			);
		};
/* End PBXProject section */

/* Begin PBXResourcesBuildPhase section */
		BFF5396520A9692D000B74DA /* Resources */ = {
			isa = PBXResourcesBuildPhase;
			buildActionMask = 2147483647;
			files = (
				BFF5397520A9692F000B74DA /* LaunchScreen.storyboard in Resources */,
				BFF5397220A9692F000B74DA /* Assets.xcassets in Resources */,
				BFF5397020A9692D000B74DA /* Main.storyboard in Resources */,
			);
			runOnlyForDeploymentPostprocessing = 0;
		};
/* End PBXResourcesBuildPhase section */

/* Begin PBXShellScriptBuildPhase section */
		7AC4BC46E96154A81257E7EE /* [CP] Check Pods Manifest.lock */ = {
			isa = PBXShellScriptBuildPhase;
			buildActionMask = 2147483647;
			files = (
			);
			inputPaths = (
				"${PODS_PODFILE_DIR_PATH}/Podfile.lock",
				"${PODS_ROOT}/Manifest.lock",
			);
			name = "[CP] Check Pods Manifest.lock";
			outputPaths = (
				"$(DERIVED_FILE_DIR)/Pods-Mojo-checkManifestLockResult.txt",
			);
			runOnlyForDeploymentPostprocessing = 0;
			shellPath = /bin/sh;
			shellScript = "diff \"${PODS_PODFILE_DIR_PATH}/Podfile.lock\" \"${PODS_ROOT}/Manifest.lock\" > /dev/null\nif [ $? != 0 ] ; then\n    # print error to STDERR\n    echo \"error: The sandbox is not in sync with the Podfile.lock. Run 'pod install' or update your CocoaPods installation.\" >&2\n    exit 1\nfi\n# This output is used by Xcode 'outputs' to avoid re-running this script phase.\necho \"SUCCESS\" > \"${SCRIPT_OUTPUT_FILE_0}\"\n";
			showEnvVarsInLog = 0;
		};
		BB5D8A1BDA2FFF2342824457 /* [CP] Embed Pods Frameworks */ = {
			isa = PBXShellScriptBuildPhase;
			buildActionMask = 2147483647;
			files = (
			);
			inputPaths = (
				"${SRCROOT}/Pods/Target Support Files/Pods-Mojo/Pods-Mojo-frameworks.sh",
				"${BUILT_PRODUCTS_DIR}/ChameleonFramework/ChameleonFramework.framework",
				"${BUILT_PRODUCTS_DIR}/Realm/Realm.framework",
				"${BUILT_PRODUCTS_DIR}/RealmSwift/RealmSwift.framework",
			);
			name = "[CP] Embed Pods Frameworks";
			outputPaths = (
				"${TARGET_BUILD_DIR}/${FRAMEWORKS_FOLDER_PATH}/ChameleonFramework.framework",
				"${TARGET_BUILD_DIR}/${FRAMEWORKS_FOLDER_PATH}/Realm.framework",
				"${TARGET_BUILD_DIR}/${FRAMEWORKS_FOLDER_PATH}/RealmSwift.framework",
			);
			runOnlyForDeploymentPostprocessing = 0;
			shellPath = /bin/sh;
			shellScript = "\"${SRCROOT}/Pods/Target Support Files/Pods-Mojo/Pods-Mojo-frameworks.sh\"\n";
			showEnvVarsInLog = 0;
		};
/* End PBXShellScriptBuildPhase section */

/* Begin PBXSourcesBuildPhase section */
		BFF5396320A9692D000B74DA /* Sources */ = {
			isa = PBXSourcesBuildPhase;
			buildActionMask = 2147483647;
			files = (
				BF293EB320ADC44500F162A5 /* CategoriesTableViewControllerRealm.swift in Sources */,
				BF293EB820ADE6C500F162A5 /* CategoriesTableViewControllerState.swift in Sources */,
				BFF5398420A98759000B74DA /* Item.swift in Sources */,
				BF39C36A20AC61FD00FE1154 /* RealmTypes.swift in Sources */,
				BFF5396D20A9692D000B74DA /* RealmDataSource.swift in Sources */,
				BFF5396B20A9692D000B74DA /* AppDelegate.swift in Sources */,
				BFEC4E3B20AAD15D000A2CC0 /* StorageModel.xcdatamodeld in Sources */,
				BFF5397F20A9838A000B74DA /* ItemsTableViewController.swift in Sources */,
				BF293EB520ADDDC500F162A5 /* CoreDataDataSource.swift in Sources */,
				BF293EBA20ADE6E100F162A5 /* ItemsTableViewControllerState.swift in Sources */,
				BFF5397D20A96A5B000B74DA /* Category.swift in Sources */,
				BFF5398A20A9876A000B74DA /* PlistStorage.swift in Sources */,
			);
			runOnlyForDeploymentPostprocessing = 0;
		};
/* End PBXSourcesBuildPhase section */

/* Begin PBXVariantGroup section */
		BFF5396E20A9692D000B74DA /* Main.storyboard */ = {
			isa = PBXVariantGroup;
			children = (
				BFF5396F20A9692D000B74DA /* Base */,
			);
			name = Main.storyboard;
			sourceTree = "<group>";
		};
		BFF5397320A9692F000B74DA /* LaunchScreen.storyboard */ = {
			isa = PBXVariantGroup;
			children = (
				BFF5397420A9692F000B74DA /* Base */,
			);
			name = LaunchScreen.storyboard;
			sourceTree = "<group>";
		};
/* End PBXVariantGroup section */

/* Begin XCBuildConfiguration section */
		BFF5397720A9692F000B74DA /* Debug */ = {
			isa = XCBuildConfiguration;
			buildSettings = {
				ALWAYS_SEARCH_USER_PATHS = NO;
				CLANG_ANALYZER_NONNULL = YES;
				CLANG_ANALYZER_NUMBER_OBJECT_CONVERSION = YES_AGGRESSIVE;
				CLANG_CXX_LANGUAGE_STANDARD = "gnu++14";
				CLANG_CXX_LIBRARY = "libc++";
				CLANG_ENABLE_MODULES = YES;
				CLANG_ENABLE_OBJC_ARC = YES;
				CLANG_ENABLE_OBJC_WEAK = YES;
				CLANG_WARN_BLOCK_CAPTURE_AUTORELEASING = YES;
				CLANG_WARN_BOOL_CONVERSION = YES;
				CLANG_WARN_COMMA = YES;
				CLANG_WARN_CONSTANT_CONVERSION = YES;
				CLANG_WARN_DEPRECATED_OBJC_IMPLEMENTATIONS = YES;
				CLANG_WARN_DIRECT_OBJC_ISA_USAGE = YES_ERROR;
				CLANG_WARN_DOCUMENTATION_COMMENTS = YES;
				CLANG_WARN_EMPTY_BODY = YES;
				CLANG_WARN_ENUM_CONVERSION = YES;
				CLANG_WARN_INFINITE_RECURSION = YES;
				CLANG_WARN_INT_CONVERSION = YES;
				CLANG_WARN_NON_LITERAL_NULL_CONVERSION = YES;
				CLANG_WARN_OBJC_IMPLICIT_RETAIN_SELF = YES;
				CLANG_WARN_OBJC_LITERAL_CONVERSION = YES;
				CLANG_WARN_OBJC_ROOT_CLASS = YES_ERROR;
				CLANG_WARN_RANGE_LOOP_ANALYSIS = YES;
				CLANG_WARN_STRICT_PROTOTYPES = YES;
				CLANG_WARN_SUSPICIOUS_MOVE = YES;
				CLANG_WARN_UNGUARDED_AVAILABILITY = YES_AGGRESSIVE;
				CLANG_WARN_UNREACHABLE_CODE = YES;
				CLANG_WARN__DUPLICATE_METHOD_MATCH = YES;
				CODE_SIGN_IDENTITY = "iPhone Developer";
				COPY_PHASE_STRIP = NO;
				DEBUG_INFORMATION_FORMAT = dwarf;
				ENABLE_STRICT_OBJC_MSGSEND = YES;
				ENABLE_TESTABILITY = YES;
				GCC_C_LANGUAGE_STANDARD = gnu11;
				GCC_DYNAMIC_NO_PIC = NO;
				GCC_NO_COMMON_BLOCKS = YES;
				GCC_OPTIMIZATION_LEVEL = 0;
				GCC_PREPROCESSOR_DEFINITIONS = (
					"DEBUG=1",
					"$(inherited)",
				);
				GCC_WARN_64_TO_32_BIT_CONVERSION = YES;
				GCC_WARN_ABOUT_RETURN_TYPE = YES_ERROR;
				GCC_WARN_UNDECLARED_SELECTOR = YES;
				GCC_WARN_UNINITIALIZED_AUTOS = YES_AGGRESSIVE;
				GCC_WARN_UNUSED_FUNCTION = YES;
				GCC_WARN_UNUSED_VARIABLE = YES;
				IPHONEOS_DEPLOYMENT_TARGET = 11.3;
				MTL_ENABLE_DEBUG_INFO = YES;
				ONLY_ACTIVE_ARCH = YES;
				SDKROOT = iphoneos;
				SWIFT_ACTIVE_COMPILATION_CONDITIONS = DEBUG;
				SWIFT_OPTIMIZATION_LEVEL = "-Onone";
			};
			name = Debug;
		};
		BFF5397820A9692F000B74DA /* Release */ = {
			isa = XCBuildConfiguration;
			buildSettings = {
				ALWAYS_SEARCH_USER_PATHS = NO;
				CLANG_ANALYZER_NONNULL = YES;
				CLANG_ANALYZER_NUMBER_OBJECT_CONVERSION = YES_AGGRESSIVE;
				CLANG_CXX_LANGUAGE_STANDARD = "gnu++14";
				CLANG_CXX_LIBRARY = "libc++";
				CLANG_ENABLE_MODULES = YES;
				CLANG_ENABLE_OBJC_ARC = YES;
				CLANG_ENABLE_OBJC_WEAK = YES;
				CLANG_WARN_BLOCK_CAPTURE_AUTORELEASING = YES;
				CLANG_WARN_BOOL_CONVERSION = YES;
				CLANG_WARN_COMMA = YES;
				CLANG_WARN_CONSTANT_CONVERSION = YES;
				CLANG_WARN_DEPRECATED_OBJC_IMPLEMENTATIONS = YES;
				CLANG_WARN_DIRECT_OBJC_ISA_USAGE = YES_ERROR;
				CLANG_WARN_DOCUMENTATION_COMMENTS = YES;
				CLANG_WARN_EMPTY_BODY = YES;
				CLANG_WARN_ENUM_CONVERSION = YES;
				CLANG_WARN_INFINITE_RECURSION = YES;
				CLANG_WARN_INT_CONVERSION = YES;
				CLANG_WARN_NON_LITERAL_NULL_CONVERSION = YES;
				CLANG_WARN_OBJC_IMPLICIT_RETAIN_SELF = YES;
				CLANG_WARN_OBJC_LITERAL_CONVERSION = YES;
				CLANG_WARN_OBJC_ROOT_CLASS = YES_ERROR;
				CLANG_WARN_RANGE_LOOP_ANALYSIS = YES;
				CLANG_WARN_STRICT_PROTOTYPES = YES;
				CLANG_WARN_SUSPICIOUS_MOVE = YES;
				CLANG_WARN_UNGUARDED_AVAILABILITY = YES_AGGRESSIVE;
				CLANG_WARN_UNREACHABLE_CODE = YES;
				CLANG_WARN__DUPLICATE_METHOD_MATCH = YES;
				CODE_SIGN_IDENTITY = "iPhone Developer";
				COPY_PHASE_STRIP = NO;
				DEBUG_INFORMATION_FORMAT = "dwarf-with-dsym";
				ENABLE_NS_ASSERTIONS = NO;
				ENABLE_STRICT_OBJC_MSGSEND = YES;
				GCC_C_LANGUAGE_STANDARD = gnu11;
				GCC_NO_COMMON_BLOCKS = YES;
				GCC_WARN_64_TO_32_BIT_CONVERSION = YES;
				GCC_WARN_ABOUT_RETURN_TYPE = YES_ERROR;
				GCC_WARN_UNDECLARED_SELECTOR = YES;
				GCC_WARN_UNINITIALIZED_AUTOS = YES_AGGRESSIVE;
				GCC_WARN_UNUSED_FUNCTION = YES;
				GCC_WARN_UNUSED_VARIABLE = YES;
				IPHONEOS_DEPLOYMENT_TARGET = 11.3;
				MTL_ENABLE_DEBUG_INFO = NO;
				SDKROOT = iphoneos;
				SWIFT_COMPILATION_MODE = wholemodule;
				SWIFT_OPTIMIZATION_LEVEL = "-O";
				VALIDATE_PRODUCT = YES;
			};
			name = Release;
		};
		BFF5397A20A9692F000B74DA /* Debug */ = {
			isa = XCBuildConfiguration;
			baseConfigurationReference = 46D46EE042E2D353E60402F5 /* Pods-Mojo.debug.xcconfig */;
			buildSettings = {
				ASSETCATALOG_COMPILER_APPICON_NAME = AppIcon;
				CODE_SIGN_STYLE = Automatic;
				DEVELOPMENT_TEAM = 5BEQK45V59;
				INFOPLIST_FILE = Mojo/Info.plist;
				LD_RUNPATH_SEARCH_PATHS = (
					"$(inherited)",
					"@executable_path/Frameworks",
				);
				PRODUCT_BUNDLE_IDENTIFIER = Gulnaz.Mojo;
				PRODUCT_NAME = "$(TARGET_NAME)";
				SWIFT_VERSION = 4.0;
				TARGETED_DEVICE_FAMILY = "1,2";
			};
			name = Debug;
		};
		BFF5397B20A9692F000B74DA /* Release */ = {
			isa = XCBuildConfiguration;
			baseConfigurationReference = F956F57B6549B020B8BC478D /* Pods-Mojo.release.xcconfig */;
			buildSettings = {
				ASSETCATALOG_COMPILER_APPICON_NAME = AppIcon;
				CODE_SIGN_STYLE = Automatic;
				DEVELOPMENT_TEAM = 5BEQK45V59;
				INFOPLIST_FILE = Mojo/Info.plist;
				LD_RUNPATH_SEARCH_PATHS = (
					"$(inherited)",
					"@executable_path/Frameworks",
				);
				PRODUCT_BUNDLE_IDENTIFIER = Gulnaz.Mojo;
				PRODUCT_NAME = "$(TARGET_NAME)";
				SWIFT_VERSION = 4.0;
				TARGETED_DEVICE_FAMILY = "1,2";
			};
			name = Release;
		};
/* End XCBuildConfiguration section */

/* Begin XCConfigurationList section */
		BFF5396220A9692D000B74DA /* Build configuration list for PBXProject "Mojo" */ = {
			isa = XCConfigurationList;
			buildConfigurations = (
				BFF5397720A9692F000B74DA /* Debug */,
				BFF5397820A9692F000B74DA /* Release */,
			);
			defaultConfigurationIsVisible = 0;
			defaultConfigurationName = Release;
		};
		BFF5397920A9692F000B74DA /* Build configuration list for PBXNativeTarget "Mojo" */ = {
			isa = XCConfigurationList;
			buildConfigurations = (
				BFF5397A20A9692F000B74DA /* Debug */,
				BFF5397B20A9692F000B74DA /* Release */,
			);
			defaultConfigurationIsVisible = 0;
			defaultConfigurationName = Release;
		};
/* End XCConfigurationList section */

/* Begin XCVersionGroup section */
		BFEC4E3920AAD15D000A2CC0 /* StorageModel.xcdatamodeld */ = {
			isa = XCVersionGroup;
			children = (
				BFEC4E3A20AAD15D000A2CC0 /* StorageModel.xcdatamodel */,
			);
			currentVersion = BFEC4E3A20AAD15D000A2CC0 /* StorageModel.xcdatamodel */;
			path = StorageModel.xcdatamodeld;
			sourceTree = "<group>";
			versionGroupType = wrapper.xcdatamodel;
		};
/* End XCVersionGroup section */
	};
	rootObject = BFF5395F20A9692D000B74DA /* Project object */;
}
