// !$*UTF8*$!
{
	archiveVersion = 1;
	classes = {
	};
	objectVersion = 50;
	objects = {

/* Begin PBXBuildFile section */
		BF0B1836208CEDC800DA10D8 /* AppDelegate.swift in Sources */ = {isa = PBXBuildFile; fileRef = BF0B1835208CEDC800DA10D8 /* AppDelegate.swift */; };
		BF0B1838208CEDC800DA10D8 /* ViewController.swift in Sources */ = {isa = PBXBuildFile; fileRef = BF0B1837208CEDC800DA10D8 /* ViewController.swift */; };
		BF0B183B208CEDC800DA10D8 /* Main.storyboard in Resources */ = {isa = PBXBuildFile; fileRef = BF0B1839208CEDC800DA10D8 /* Main.storyboard */; };
		BF0B183D208CEDC900DA10D8 /* Assets.xcassets in Resources */ = {isa = PBXBuildFile; fileRef = BF0B183C208CEDC900DA10D8 /* Assets.xcassets */; };
		BF0B1840208CEDC900DA10D8 /* LaunchScreen.storyboard in Resources */ = {isa = PBXBuildFile; fileRef = BF0B183E208CEDC900DA10D8 /* LaunchScreen.storyboard */; };
		BF0B184A208CEF0C00DA10D8 /* Question.swift in Sources */ = {isa = PBXBuildFile; fileRef = BF0B1849208CEF0C00DA10D8 /* Question.swift */; };
		BF0B184C208CEFA700DA10D8 /* QuestionStaticSource.swift in Sources */ = {isa = PBXBuildFile; fileRef = BF0B184B208CEFA700DA10D8 /* QuestionStaticSource.swift */; };
		BF0B184E208CFCCF00DA10D8 /* QuestionSource.swift in Sources */ = {isa = PBXBuildFile; fileRef = BF0B184D208CFCCF00DA10D8 /* QuestionSource.swift */; };
		BF929710208DC92E00147067 /* LinkedList.swift in Sources */ = {isa = PBXBuildFile; fileRef = BF92970F208DC92E00147067 /* LinkedList.swift */; };
		BF929714208DE27500147067 /* ProgressHUD.m in Sources */ = {isa = PBXBuildFile; fileRef = BF929712208DE27500147067 /* ProgressHUD.m */; };
		BF929716208DE33F00147067 /* ProgressHUD.bundle in Resources */ = {isa = PBXBuildFile; fileRef = BF929715208DE33F00147067 /* ProgressHUD.bundle */; };
/* End PBXBuildFile section */

/* Begin PBXFileReference section */
		BF0B1832208CEDC800DA10D8 /* Quizzz.app */ = {isa = PBXFileReference; explicitFileType = wrapper.application; includeInIndex = 0; path = Quizzz.app; sourceTree = BUILT_PRODUCTS_DIR; };
		BF0B1835208CEDC800DA10D8 /* AppDelegate.swift */ = {isa = PBXFileReference; lastKnownFileType = sourcecode.swift; path = AppDelegate.swift; sourceTree = "<group>"; };
		BF0B1837208CEDC800DA10D8 /* ViewController.swift */ = {isa = PBXFileReference; lastKnownFileType = sourcecode.swift; path = ViewController.swift; sourceTree = "<group>"; };
		BF0B183A208CEDC800DA10D8 /* Base */ = {isa = PBXFileReference; lastKnownFileType = file.storyboard; name = Base; path = Base.lproj/Main.storyboard; sourceTree = "<group>"; };
		BF0B183C208CEDC900DA10D8 /* Assets.xcassets */ = {isa = PBXFileReference; lastKnownFileType = folder.assetcatalog; path = Assets.xcassets; sourceTree = "<group>"; };
		BF0B183F208CEDC900DA10D8 /* Base */ = {isa = PBXFileReference; lastKnownFileType = file.storyboard; name = Base; path = Base.lproj/LaunchScreen.storyboard; sourceTree = "<group>"; };
		BF0B1841208CEDC900DA10D8 /* Info.plist */ = {isa = PBXFileReference; lastKnownFileType = text.plist.xml; path = Info.plist; sourceTree = "<group>"; };
		BF0B1849208CEF0C00DA10D8 /* Question.swift */ = {isa = PBXFileReference; lastKnownFileType = sourcecode.swift; path = Question.swift; sourceTree = "<group>"; };
		BF0B184B208CEFA700DA10D8 /* QuestionStaticSource.swift */ = {isa = PBXFileReference; lastKnownFileType = sourcecode.swift; path = QuestionStaticSource.swift; sourceTree = "<group>"; };
		BF0B184D208CFCCF00DA10D8 /* QuestionSource.swift */ = {isa = PBXFileReference; lastKnownFileType = sourcecode.swift; path = QuestionSource.swift; sourceTree = "<group>"; };
		BF92970F208DC92E00147067 /* LinkedList.swift */ = {isa = PBXFileReference; lastKnownFileType = sourcecode.swift; path = LinkedList.swift; sourceTree = "<group>"; };
		BF929711208DE27400147067 /* Quizzz-Bridging-Header.h */ = {isa = PBXFileReference; lastKnownFileType = sourcecode.c.h; path = "Quizzz-Bridging-Header.h"; sourceTree = "<group>"; };
		BF929712208DE27500147067 /* ProgressHUD.m */ = {isa = PBXFileReference; fileEncoding = 4; lastKnownFileType = sourcecode.c.objc; path = ProgressHUD.m; sourceTree = "<group>"; };
		BF929713208DE27500147067 /* ProgressHUD.h */ = {isa = PBXFileReference; fileEncoding = 4; lastKnownFileType = sourcecode.c.h; path = ProgressHUD.h; sourceTree = "<group>"; };
		BF929715208DE33F00147067 /* ProgressHUD.bundle */ = {isa = PBXFileReference; lastKnownFileType = "wrapper.plug-in"; path = ProgressHUD.bundle; sourceTree = "<group>"; };
/* End PBXFileReference section */

/* Begin PBXFrameworksBuildPhase section */
		BF0B182F208CEDC800DA10D8 /* Frameworks */ = {
			isa = PBXFrameworksBuildPhase;
			buildActionMask = 2147483647;
			files = (
			);
			runOnlyForDeploymentPostprocessing = 0;
		};
/* End PBXFrameworksBuildPhase section */

/* Begin PBXGroup section */
		BF0B1829208CEDC800DA10D8 = {
			isa = PBXGroup;
			children = (
				BF0B1834208CEDC800DA10D8 /* Quizzz */,
				BF0B1833208CEDC800DA10D8 /* Products */,
			);
			sourceTree = "<group>";
		};
		BF0B1833208CEDC800DA10D8 /* Products */ = {
			isa = PBXGroup;
			children = (
				BF0B1832208CEDC800DA10D8 /* Quizzz.app */,
			);
			name = Products;
			sourceTree = "<group>";
		};
		BF0B1834208CEDC800DA10D8 /* Quizzz */ = {
			isa = PBXGroup;
			children = (
				BF0B1848208CEEF700DA10D8 /* Model */,
				BF929717208DE41300147067 /* View */,
				BF0B1847208CEEEA00DA10D8 /* Controller */,
				BF0B1835208CEDC800DA10D8 /* AppDelegate.swift */,
				BF0B183C208CEDC900DA10D8 /* Assets.xcassets */,
				BF0B1841208CEDC900DA10D8 /* Info.plist */,
				BF929711208DE27400147067 /* Quizzz-Bridging-Header.h */,
			);
			path = Quizzz;
			sourceTree = "<group>";
		};
		BF0B1847208CEEEA00DA10D8 /* Controller */ = {
			isa = PBXGroup;
			children = (
				BF0B1837208CEDC800DA10D8 /* ViewController.swift */,
			);
			path = Controller;
			sourceTree = "<group>";
		};
		BF0B1848208CEEF700DA10D8 /* Model */ = {
			isa = PBXGroup;
			children = (
				BF0B1849208CEF0C00DA10D8 /* Question.swift */,
				BF0B184B208CEFA700DA10D8 /* QuestionStaticSource.swift */,
				BF0B184D208CFCCF00DA10D8 /* QuestionSource.swift */,
				BF92970F208DC92E00147067 /* LinkedList.swift */,
			);
			path = Model;
			sourceTree = "<group>";
		};
		BF929717208DE41300147067 /* View */ = {
			isa = PBXGroup;
			children = (
				BF929713208DE27500147067 /* ProgressHUD.h */,
				BF929712208DE27500147067 /* ProgressHUD.m */,
				BF929715208DE33F00147067 /* ProgressHUD.bundle */,
				BF0B1839208CEDC800DA10D8 /* Main.storyboard */,
				BF0B183E208CEDC900DA10D8 /* LaunchScreen.storyboard */,
			);
			path = View;
			sourceTree = "<group>";
		};
/* End PBXGroup section */

/* Begin PBXNativeTarget section */
		BF0B1831208CEDC800DA10D8 /* Quizzz */ = {
			isa = PBXNativeTarget;
			buildConfigurationList = BF0B1844208CEDC900DA10D8 /* Build configuration list for PBXNativeTarget "Quizzz" */;
			buildPhases = (
				BF0B182E208CEDC800DA10D8 /* Sources */,
				BF0B182F208CEDC800DA10D8 /* Frameworks */,
				BF0B1830208CEDC800DA10D8 /* Resources */,
			);
			buildRules = (
			);
			dependencies = (
			);
			name = Quizzz;
			productName = Quizzz;
			productReference = BF0B1832208CEDC800DA10D8 /* Quizzz.app */;
			productType = "com.apple.product-type.application";
		};
/* End PBXNativeTarget section */

/* Begin PBXProject section */
		BF0B182A208CEDC800DA10D8 /* Project object */ = {
			isa = PBXProject;
			attributes = {
				LastSwiftUpdateCheck = 0930;
				LastUpgradeCheck = 0930;
				ORGANIZATIONNAME = Gulnaz;
				TargetAttributes = {
					BF0B1831208CEDC800DA10D8 = {
						CreatedOnToolsVersion = 9.3;
						LastSwiftMigration = 0930;
					};
				};
			};
			buildConfigurationList = BF0B182D208CEDC800DA10D8 /* Build configuration list for PBXProject "Quizzz" */;
			compatibilityVersion = "Xcode 9.3";
			developmentRegion = en;
			hasScannedForEncodings = 0;
			knownRegions = (
				en,
				Base,
			);
			mainGroup = BF0B1829208CEDC800DA10D8;
			productRefGroup = BF0B1833208CEDC800DA10D8 /* Products */;
			projectDirPath = "";
			projectRoot = "";
			targets = (
				BF0B1831208CEDC800DA10D8 /* Quizzz */,
			);
		};
/* End PBXProject section */

/* Begin PBXResourcesBuildPhase section */
		BF0B1830208CEDC800DA10D8 /* Resources */ = {
			isa = PBXResourcesBuildPhase;
			buildActionMask = 2147483647;
			files = (
				BF929716208DE33F00147067 /* ProgressHUD.bundle in Resources */,
				BF0B1840208CEDC900DA10D8 /* LaunchScreen.storyboard in Resources */,
				BF0B183D208CEDC900DA10D8 /* Assets.xcassets in Resources */,
				BF0B183B208CEDC800DA10D8 /* Main.storyboard in Resources */,
			);
			runOnlyForDeploymentPostprocessing = 0;
		};
/* End PBXResourcesBuildPhase section */

/* Begin PBXSourcesBuildPhase section */
		BF0B182E208CEDC800DA10D8 /* Sources */ = {
			isa = PBXSourcesBuildPhase;
			buildActionMask = 2147483647;
			files = (
				BF929710208DC92E00147067 /* LinkedList.swift in Sources */,
				BF0B184E208CFCCF00DA10D8 /* QuestionSource.swift in Sources */,
				BF0B184A208CEF0C00DA10D8 /* Question.swift in Sources */,
				BF929714208DE27500147067 /* ProgressHUD.m in Sources */,
				BF0B184C208CEFA700DA10D8 /* QuestionStaticSource.swift in Sources */,
				BF0B1838208CEDC800DA10D8 /* ViewController.swift in Sources */,
				BF0B1836208CEDC800DA10D8 /* AppDelegate.swift in Sources */,
			);
			runOnlyForDeploymentPostprocessing = 0;
		};
/* End PBXSourcesBuildPhase section */

/* Begin PBXVariantGroup section */
		BF0B1839208CEDC800DA10D8 /* Main.storyboard */ = {
			isa = PBXVariantGroup;
			children = (
				BF0B183A208CEDC800DA10D8 /* Base */,
			);
			name = Main.storyboard;
			sourceTree = "<group>";
		};
		BF0B183E208CEDC900DA10D8 /* LaunchScreen.storyboard */ = {
			isa = PBXVariantGroup;
			children = (
				BF0B183F208CEDC900DA10D8 /* Base */,
			);
			name = LaunchScreen.storyboard;
			sourceTree = "<group>";
		};
/* End PBXVariantGroup section */

/* Begin XCBuildConfiguration section */
		BF0B1842208CEDC900DA10D8 /* Debug */ = {
			isa = XCBuildConfiguration;
			buildSettings = {
				ALWAYS_SEARCH_USER_PATHS = NO;
				CLANG_ANALYZER_NONNULL = YES;
				CLANG_ANALYZER_NUMBER_OBJECT_CONVERSION = YES_AGGRESSIVE;
				CLANG_CXX_LANGUAGE_STANDARD = "gnu++14";
				CLANG_CXX_LIBRARY = "libc++";
				CLANG_ENABLE_MODULES = YES;
				CLANG_ENABLE_OBJC_ARC = YES;
				CLANG_ENABLE_OBJC_WEAK = YES;
				CLANG_WARN_BLOCK_CAPTURE_AUTORELEASING = YES;
				CLANG_WARN_BOOL_CONVERSION = YES;
				CLANG_WARN_COMMA = YES;
				CLANG_WARN_CONSTANT_CONVERSION = YES;
				CLANG_WARN_DEPRECATED_OBJC_IMPLEMENTATIONS = YES;
				CLANG_WARN_DIRECT_OBJC_ISA_USAGE = YES_ERROR;
				CLANG_WARN_DOCUMENTATION_COMMENTS = YES;
				CLANG_WARN_EMPTY_BODY = YES;
				CLANG_WARN_ENUM_CONVERSION = YES;
				CLANG_WARN_INFINITE_RECURSION = YES;
				CLANG_WARN_INT_CONVERSION = YES;
				CLANG_WARN_NON_LITERAL_NULL_CONVERSION = YES;
				CLANG_WARN_OBJC_IMPLICIT_RETAIN_SELF = YES;
				CLANG_WARN_OBJC_LITERAL_CONVERSION = YES;
				CLANG_WARN_OBJC_ROOT_CLASS = YES_ERROR;
				CLANG_WARN_RANGE_LOOP_ANALYSIS = YES;
				CLANG_WARN_STRICT_PROTOTYPES = YES;
				CLANG_WARN_SUSPICIOUS_MOVE = YES;
				CLANG_WARN_UNGUARDED_AVAILABILITY = YES_AGGRESSIVE;
				CLANG_WARN_UNREACHABLE_CODE = YES;
				CLANG_WARN__DUPLICATE_METHOD_MATCH = YES;
				CODE_SIGN_IDENTITY = "iPhone Developer";
				COPY_PHASE_STRIP = NO;
				DEBUG_INFORMATION_FORMAT = dwarf;
				ENABLE_STRICT_OBJC_MSGSEND = YES;
				ENABLE_TESTABILITY = YES;
				GCC_C_LANGUAGE_STANDARD = gnu11;
				GCC_DYNAMIC_NO_PIC = NO;
				GCC_NO_COMMON_BLOCKS = YES;
				GCC_OPTIMIZATION_LEVEL = 0;
				GCC_PREPROCESSOR_DEFINITIONS = (
					"DEBUG=1",
					"$(inherited)",
				);
				GCC_WARN_64_TO_32_BIT_CONVERSION = YES;
				GCC_WARN_ABOUT_RETURN_TYPE = YES_ERROR;
				GCC_WARN_UNDECLARED_SELECTOR = YES;
				GCC_WARN_UNINITIALIZED_AUTOS = YES_AGGRESSIVE;
				GCC_WARN_UNUSED_FUNCTION = YES;
				GCC_WARN_UNUSED_VARIABLE = YES;
				IPHONEOS_DEPLOYMENT_TARGET = 11.3;
				MTL_ENABLE_DEBUG_INFO = YES;
				ONLY_ACTIVE_ARCH = YES;
				SDKROOT = iphoneos;
				SWIFT_ACTIVE_COMPILATION_CONDITIONS = DEBUG;
				SWIFT_OPTIMIZATION_LEVEL = "-Onone";
			};
			name = Debug;
		};
		BF0B1843208CEDC900DA10D8 /* Release */ = {
			isa = XCBuildConfiguration;
			buildSettings = {
				ALWAYS_SEARCH_USER_PATHS = NO;
				CLANG_ANALYZER_NONNULL = YES;
				CLANG_ANALYZER_NUMBER_OBJECT_CONVERSION = YES_AGGRESSIVE;
				CLANG_CXX_LANGUAGE_STANDARD = "gnu++14";
				CLANG_CXX_LIBRARY = "libc++";
				CLANG_ENABLE_MODULES = YES;
				CLANG_ENABLE_OBJC_ARC = YES;
				CLANG_ENABLE_OBJC_WEAK = YES;
				CLANG_WARN_BLOCK_CAPTURE_AUTORELEASING = YES;
				CLANG_WARN_BOOL_CONVERSION = YES;
				CLANG_WARN_COMMA = YES;
				CLANG_WARN_CONSTANT_CONVERSION = YES;
				CLANG_WARN_DEPRECATED_OBJC_IMPLEMENTATIONS = YES;
				CLANG_WARN_DIRECT_OBJC_ISA_USAGE = YES_ERROR;
				CLANG_WARN_DOCUMENTATION_COMMENTS = YES;
				CLANG_WARN_EMPTY_BODY = YES;
				CLANG_WARN_ENUM_CONVERSION = YES;
				CLANG_WARN_INFINITE_RECURSION = YES;
				CLANG_WARN_INT_CONVERSION = YES;
				CLANG_WARN_NON_LITERAL_NULL_CONVERSION = YES;
				CLANG_WARN_OBJC_IMPLICIT_RETAIN_SELF = YES;
				CLANG_WARN_OBJC_LITERAL_CONVERSION = YES;
				CLANG_WARN_OBJC_ROOT_CLASS = YES_ERROR;
				CLANG_WARN_RANGE_LOOP_ANALYSIS = YES;
				CLANG_WARN_STRICT_PROTOTYPES = YES;
				CLANG_WARN_SUSPICIOUS_MOVE = YES;
				CLANG_WARN_UNGUARDED_AVAILABILITY = YES_AGGRESSIVE;
				CLANG_WARN_UNREACHABLE_CODE = YES;
				CLANG_WARN__DUPLICATE_METHOD_MATCH = YES;
				CODE_SIGN_IDENTITY = "iPhone Developer";
				COPY_PHASE_STRIP = NO;
				DEBUG_INFORMATION_FORMAT = "dwarf-with-dsym";
				ENABLE_NS_ASSERTIONS = NO;
				ENABLE_STRICT_OBJC_MSGSEND = YES;
				GCC_C_LANGUAGE_STANDARD = gnu11;
				GCC_NO_COMMON_BLOCKS = YES;
				GCC_WARN_64_TO_32_BIT_CONVERSION = YES;
				GCC_WARN_ABOUT_RETURN_TYPE = YES_ERROR;
				GCC_WARN_UNDECLARED_SELECTOR = YES;
				GCC_WARN_UNINITIALIZED_AUTOS = YES_AGGRESSIVE;
				GCC_WARN_UNUSED_FUNCTION = YES;
				GCC_WARN_UNUSED_VARIABLE = YES;
				IPHONEOS_DEPLOYMENT_TARGET = 11.3;
				MTL_ENABLE_DEBUG_INFO = NO;
				SDKROOT = iphoneos;
				SWIFT_COMPILATION_MODE = wholemodule;
				SWIFT_OPTIMIZATION_LEVEL = "-O";
				VALIDATE_PRODUCT = YES;
			};
			name = Release;
		};
		BF0B1845208CEDC900DA10D8 /* Debug */ = {
			isa = XCBuildConfiguration;
			buildSettings = {
				ASSETCATALOG_COMPILER_APPICON_NAME = AppIcon;
				CLANG_ENABLE_MODULES = YES;
				CODE_SIGN_STYLE = Automatic;
				DEVELOPMENT_TEAM = 5BEQK45V59;
				INFOPLIST_FILE = Quizzz/Info.plist;
				LD_RUNPATH_SEARCH_PATHS = (
					"$(inherited)",
					"@executable_path/Frameworks",
				);
				PRODUCT_BUNDLE_IDENTIFIER = Gulnaz.Quizzz;
				PRODUCT_NAME = "$(TARGET_NAME)";
				SWIFT_OBJC_BRIDGING_HEADER = "Quizzz/Quizzz-Bridging-Header.h";
				SWIFT_OPTIMIZATION_LEVEL = "-Onone";
				SWIFT_VERSION = 4.0;
				TARGETED_DEVICE_FAMILY = "1,2";
			};
			name = Debug;
		};
		BF0B1846208CEDC900DA10D8 /* Release */ = {
			isa = XCBuildConfiguration;
			buildSettings = {
				ASSETCATALOG_COMPILER_APPICON_NAME = AppIcon;
				CLANG_ENABLE_MODULES = YES;
				CODE_SIGN_STYLE = Automatic;
				DEVELOPMENT_TEAM = 5BEQK45V59;
				INFOPLIST_FILE = Quizzz/Info.plist;
				LD_RUNPATH_SEARCH_PATHS = (
					"$(inherited)",
					"@executable_path/Frameworks",
				);
				PRODUCT_BUNDLE_IDENTIFIER = Gulnaz.Quizzz;
				PRODUCT_NAME = "$(TARGET_NAME)";
				SWIFT_OBJC_BRIDGING_HEADER = "Quizzz/Quizzz-Bridging-Header.h";
				SWIFT_VERSION = 4.0;
				TARGETED_DEVICE_FAMILY = "1,2";
			};
			name = Release;
		};
/* End XCBuildConfiguration section */

/* Begin XCConfigurationList section */
		BF0B182D208CEDC800DA10D8 /* Build configuration list for PBXProject "Quizzz" */ = {
			isa = XCConfigurationList;
			buildConfigurations = (
				BF0B1842208CEDC900DA10D8 /* Debug */,
				BF0B1843208CEDC900DA10D8 /* Release */,
			);
			defaultConfigurationIsVisible = 0;
			defaultConfigurationName = Release;
		};
		BF0B1844208CEDC900DA10D8 /* Build configuration list for PBXNativeTarget "Quizzz" */ = {
			isa = XCConfigurationList;
			buildConfigurations = (
				BF0B1845208CEDC900DA10D8 /* Debug */,
				BF0B1846208CEDC900DA10D8 /* Release */,
			);
			defaultConfigurationIsVisible = 0;
			defaultConfigurationName = Release;
		};
/* End XCConfigurationList section */
	};
	rootObject = BF0B182A208CEDC800DA10D8 /* Project object */;
}
