// !$*UTF8*$!
{
	archiveVersion = 1;
	classes = {
	};
	objectVersion = 50;
	objects = {

/* Begin PBXBuildFile section */
		BFA0D0A620C7CF9D009DF8CE /* AppDelegate.swift in Sources */ = {isa = PBXBuildFile; fileRef = BFA0D0A520C7CF9D009DF8CE /* AppDelegate.swift */; };
		BFA0D0A820C7CF9D009DF8CE /* art.scnassets in Resources */ = {isa = PBXBuildFile; fileRef = BFA0D0A720C7CF9D009DF8CE /* art.scnassets */; };
		BFA0D0AA20C7CF9D009DF8CE /* ViewController.swift in Sources */ = {isa = PBXBuildFile; fileRef = BFA0D0A920C7CF9D009DF8CE /* ViewController.swift */; };
		BFA0D0AD20C7CF9D009DF8CE /* Main.storyboard in Resources */ = {isa = PBXBuildFile; fileRef = BFA0D0AB20C7CF9D009DF8CE /* Main.storyboard */; };
		BFA0D0AF20C7CF9F009DF8CE /* Assets.xcassets in Resources */ = {isa = PBXBuildFile; fileRef = BFA0D0AE20C7CF9F009DF8CE /* Assets.xcassets */; };
		BFA0D0B220C7CF9F009DF8CE /* LaunchScreen.storyboard in Resources */ = {isa = PBXBuildFile; fileRef = BFA0D0B020C7CF9F009DF8CE /* LaunchScreen.storyboard */; };
/* End PBXBuildFile section */

/* Begin PBXFileReference section */
		BFA0D0A220C7CF9D009DF8CE /* ArMoon.app */ = {isa = PBXFileReference; explicitFileType = wrapper.application; includeInIndex = 0; path = ArMoon.app; sourceTree = BUILT_PRODUCTS_DIR; };
		BFA0D0A520C7CF9D009DF8CE /* AppDelegate.swift */ = {isa = PBXFileReference; lastKnownFileType = sourcecode.swift; path = AppDelegate.swift; sourceTree = "<group>"; };
		BFA0D0A720C7CF9D009DF8CE /* art.scnassets */ = {isa = PBXFileReference; lastKnownFileType = wrapper.scnassets; path = art.scnassets; sourceTree = "<group>"; };
		BFA0D0A920C7CF9D009DF8CE /* ViewController.swift */ = {isa = PBXFileReference; lastKnownFileType = sourcecode.swift; path = ViewController.swift; sourceTree = "<group>"; };
		BFA0D0AC20C7CF9D009DF8CE /* Base */ = {isa = PBXFileReference; lastKnownFileType = file.storyboard; name = Base; path = Base.lproj/Main.storyboard; sourceTree = "<group>"; };
		BFA0D0AE20C7CF9F009DF8CE /* Assets.xcassets */ = {isa = PBXFileReference; lastKnownFileType = folder.assetcatalog; path = Assets.xcassets; sourceTree = "<group>"; };
		BFA0D0B120C7CF9F009DF8CE /* Base */ = {isa = PBXFileReference; lastKnownFileType = file.storyboard; name = Base; path = Base.lproj/LaunchScreen.storyboard; sourceTree = "<group>"; };
		BFA0D0B320C7CF9F009DF8CE /* Info.plist */ = {isa = PBXFileReference; lastKnownFileType = text.plist.xml; path = Info.plist; sourceTree = "<group>"; };
/* End PBXFileReference section */

/* Begin PBXFrameworksBuildPhase section */
		BFA0D09F20C7CF9D009DF8CE /* Frameworks */ = {
			isa = PBXFrameworksBuildPhase;
			buildActionMask = 2147483647;
			files = (
			);
			runOnlyForDeploymentPostprocessing = 0;
		};
/* End PBXFrameworksBuildPhase section */

/* Begin PBXGroup section */
		BFA0D09920C7CF9D009DF8CE = {
			isa = PBXGroup;
			children = (
				BFA0D0A420C7CF9D009DF8CE /* ArMoon */,
				BFA0D0A320C7CF9D009DF8CE /* Products */,
			);
			sourceTree = "<group>";
		};
		BFA0D0A320C7CF9D009DF8CE /* Products */ = {
			isa = PBXGroup;
			children = (
				BFA0D0A220C7CF9D009DF8CE /* ArMoon.app */,
			);
			name = Products;
			sourceTree = "<group>";
		};
		BFA0D0A420C7CF9D009DF8CE /* ArMoon */ = {
			isa = PBXGroup;
			children = (
				BFA0D0A520C7CF9D009DF8CE /* AppDelegate.swift */,
				BFA0D0A720C7CF9D009DF8CE /* art.scnassets */,
				BFA0D0A920C7CF9D009DF8CE /* ViewController.swift */,
				BFA0D0AB20C7CF9D009DF8CE /* Main.storyboard */,
				BFA0D0AE20C7CF9F009DF8CE /* Assets.xcassets */,
				BFA0D0B020C7CF9F009DF8CE /* LaunchScreen.storyboard */,
				BFA0D0B320C7CF9F009DF8CE /* Info.plist */,
			);
			path = ArMoon;
			sourceTree = "<group>";
		};
/* End PBXGroup section */

/* Begin PBXNativeTarget section */
		BFA0D0A120C7CF9D009DF8CE /* ArMoon */ = {
			isa = PBXNativeTarget;
			buildConfigurationList = BFA0D0B620C7CF9F009DF8CE /* Build configuration list for PBXNativeTarget "ArMoon" */;
			buildPhases = (
				BFA0D09E20C7CF9D009DF8CE /* Sources */,
				BFA0D09F20C7CF9D009DF8CE /* Frameworks */,
				BFA0D0A020C7CF9D009DF8CE /* Resources */,
			);
			buildRules = (
			);
			dependencies = (
			);
			name = ArMoon;
			productName = ArMoon;
			productReference = BFA0D0A220C7CF9D009DF8CE /* ArMoon.app */;
			productType = "com.apple.product-type.application";
		};
/* End PBXNativeTarget section */

/* Begin PBXProject section */
		BFA0D09A20C7CF9D009DF8CE /* Project object */ = {
			isa = PBXProject;
			attributes = {
				LastSwiftUpdateCheck = 0930;
				LastUpgradeCheck = 0930;
				ORGANIZATIONNAME = Gulnaz;
				TargetAttributes = {
					BFA0D0A120C7CF9D009DF8CE = {
						CreatedOnToolsVersion = 9.3;
					};
				};
			};
			buildConfigurationList = BFA0D09D20C7CF9D009DF8CE /* Build configuration list for PBXProject "ArMoon" */;
			compatibilityVersion = "Xcode 9.3";
			developmentRegion = en;
			hasScannedForEncodings = 0;
			knownRegions = (
				en,
				Base,
			);
			mainGroup = BFA0D09920C7CF9D009DF8CE;
			productRefGroup = BFA0D0A320C7CF9D009DF8CE /* Products */;
			projectDirPath = "";
			projectRoot = "";
			targets = (
				BFA0D0A120C7CF9D009DF8CE /* ArMoon */,
			);
		};
/* End PBXProject section */

/* Begin PBXResourcesBuildPhase section */
		BFA0D0A020C7CF9D009DF8CE /* Resources */ = {
			isa = PBXResourcesBuildPhase;
			buildActionMask = 2147483647;
			files = (
				BFA0D0A820C7CF9D009DF8CE /* art.scnassets in Resources */,
				BFA0D0B220C7CF9F009DF8CE /* LaunchScreen.storyboard in Resources */,
				BFA0D0AF20C7CF9F009DF8CE /* Assets.xcassets in Resources */,
				BFA0D0AD20C7CF9D009DF8CE /* Main.storyboard in Resources */,
			);
			runOnlyForDeploymentPostprocessing = 0;
		};
/* End PBXResourcesBuildPhase section */

/* Begin PBXSourcesBuildPhase section */
		BFA0D09E20C7CF9D009DF8CE /* Sources */ = {
			isa = PBXSourcesBuildPhase;
			buildActionMask = 2147483647;
			files = (
				BFA0D0AA20C7CF9D009DF8CE /* ViewController.swift in Sources */,
				BFA0D0A620C7CF9D009DF8CE /* AppDelegate.swift in Sources */,
			);
			runOnlyForDeploymentPostprocessing = 0;
		};
/* End PBXSourcesBuildPhase section */

/* Begin PBXVariantGroup section */
		BFA0D0AB20C7CF9D009DF8CE /* Main.storyboard */ = {
			isa = PBXVariantGroup;
			children = (
				BFA0D0AC20C7CF9D009DF8CE /* Base */,
			);
			name = Main.storyboard;
			sourceTree = "<group>";
		};
		BFA0D0B020C7CF9F009DF8CE /* LaunchScreen.storyboard */ = {
			isa = PBXVariantGroup;
			children = (
				BFA0D0B120C7CF9F009DF8CE /* Base */,
			);
			name = LaunchScreen.storyboard;
			sourceTree = "<group>";
		};
/* End PBXVariantGroup section */

/* Begin XCBuildConfiguration section */
		BFA0D0B420C7CF9F009DF8CE /* Debug */ = {
			isa = XCBuildConfiguration;
			buildSettings = {
				ALWAYS_SEARCH_USER_PATHS = NO;
				CLANG_ANALYZER_NONNULL = YES;
				CLANG_ANALYZER_NUMBER_OBJECT_CONVERSION = YES_AGGRESSIVE;
				CLANG_CXX_LANGUAGE_STANDARD = "gnu++14";
				CLANG_CXX_LIBRARY = "libc++";
				CLANG_ENABLE_MODULES = YES;
				CLANG_ENABLE_OBJC_ARC = YES;
				CLANG_ENABLE_OBJC_WEAK = YES;
				CLANG_WARN_BLOCK_CAPTURE_AUTORELEASING = YES;
				CLANG_WARN_BOOL_CONVERSION = YES;
				CLANG_WARN_COMMA = YES;
				CLANG_WARN_CONSTANT_CONVERSION = YES;
				CLANG_WARN_DEPRECATED_OBJC_IMPLEMENTATIONS = YES;
				CLANG_WARN_DIRECT_OBJC_ISA_USAGE = YES_ERROR;
				CLANG_WARN_DOCUMENTATION_COMMENTS = YES;
				CLANG_WARN_EMPTY_BODY = YES;
				CLANG_WARN_ENUM_CONVERSION = YES;
				CLANG_WARN_INFINITE_RECURSION = YES;
				CLANG_WARN_INT_CONVERSION = YES;
				CLANG_WARN_NON_LITERAL_NULL_CONVERSION = YES;
				CLANG_WARN_OBJC_IMPLICIT_RETAIN_SELF = YES;
				CLANG_WARN_OBJC_LITERAL_CONVERSION = YES;
				CLANG_WARN_OBJC_ROOT_CLASS = YES_ERROR;
				CLANG_WARN_RANGE_LOOP_ANALYSIS = YES;
				CLANG_WARN_STRICT_PROTOTYPES = YES;
				CLANG_WARN_SUSPICIOUS_MOVE = YES;
				CLANG_WARN_UNGUARDED_AVAILABILITY = YES_AGGRESSIVE;
				CLANG_WARN_UNREACHABLE_CODE = YES;
				CLANG_WARN__DUPLICATE_METHOD_MATCH = YES;
				CODE_SIGN_IDENTITY = "iPhone Developer";
				COPY_PHASE_STRIP = NO;
				DEBUG_INFORMATION_FORMAT = dwarf;
				ENABLE_STRICT_OBJC_MSGSEND = YES;
				ENABLE_TESTABILITY = YES;
				GCC_C_LANGUAGE_STANDARD = gnu11;
				GCC_DYNAMIC_NO_PIC = NO;
				GCC_NO_COMMON_BLOCKS = YES;
				GCC_OPTIMIZATION_LEVEL = 0;
				GCC_PREPROCESSOR_DEFINITIONS = (
					"DEBUG=1",
					"$(inherited)",
				);
				GCC_WARN_64_TO_32_BIT_CONVERSION = YES;
				GCC_WARN_ABOUT_RETURN_TYPE = YES_ERROR;
				GCC_WARN_UNDECLARED_SELECTOR = YES;
				GCC_WARN_UNINITIALIZED_AUTOS = YES_AGGRESSIVE;
				GCC_WARN_UNUSED_FUNCTION = YES;
				GCC_WARN_UNUSED_VARIABLE = YES;
				IPHONEOS_DEPLOYMENT_TARGET = 11.3;
				MTL_ENABLE_DEBUG_INFO = YES;
				ONLY_ACTIVE_ARCH = YES;
				SDKROOT = iphoneos;
				SWIFT_ACTIVE_COMPILATION_CONDITIONS = DEBUG;
				SWIFT_OPTIMIZATION_LEVEL = "-Onone";
			};
			name = Debug;
		};
		BFA0D0B520C7CF9F009DF8CE /* Release */ = {
			isa = XCBuildConfiguration;
			buildSettings = {
				ALWAYS_SEARCH_USER_PATHS = NO;
				CLANG_ANALYZER_NONNULL = YES;
				CLANG_ANALYZER_NUMBER_OBJECT_CONVERSION = YES_AGGRESSIVE;
				CLANG_CXX_LANGUAGE_STANDARD = "gnu++14";
				CLANG_CXX_LIBRARY = "libc++";
				CLANG_ENABLE_MODULES = YES;
				CLANG_ENABLE_OBJC_ARC = YES;
				CLANG_ENABLE_OBJC_WEAK = YES;
				CLANG_WARN_BLOCK_CAPTURE_AUTORELEASING = YES;
				CLANG_WARN_BOOL_CONVERSION = YES;
				CLANG_WARN_COMMA = YES;
				CLANG_WARN_CONSTANT_CONVERSION = YES;
				CLANG_WARN_DEPRECATED_OBJC_IMPLEMENTATIONS = YES;
				CLANG_WARN_DIRECT_OBJC_ISA_USAGE = YES_ERROR;
				CLANG_WARN_DOCUMENTATION_COMMENTS = YES;
				CLANG_WARN_EMPTY_BODY = YES;
				CLANG_WARN_ENUM_CONVERSION = YES;
				CLANG_WARN_INFINITE_RECURSION = YES;
				CLANG_WARN_INT_CONVERSION = YES;
				CLANG_WARN_NON_LITERAL_NULL_CONVERSION = YES;
				CLANG_WARN_OBJC_IMPLICIT_RETAIN_SELF = YES;
				CLANG_WARN_OBJC_LITERAL_CONVERSION = YES;
				CLANG_WARN_OBJC_ROOT_CLASS = YES_ERROR;
				CLANG_WARN_RANGE_LOOP_ANALYSIS = YES;
				CLANG_WARN_STRICT_PROTOTYPES = YES;
				CLANG_WARN_SUSPICIOUS_MOVE = YES;
				CLANG_WARN_UNGUARDED_AVAILABILITY = YES_AGGRESSIVE;
				CLANG_WARN_UNREACHABLE_CODE = YES;
				CLANG_WARN__DUPLICATE_METHOD_MATCH = YES;
				CODE_SIGN_IDENTITY = "iPhone Developer";
				COPY_PHASE_STRIP = NO;
				DEBUG_INFORMATION_FORMAT = "dwarf-with-dsym";
				ENABLE_NS_ASSERTIONS = NO;
				ENABLE_STRICT_OBJC_MSGSEND = YES;
				GCC_C_LANGUAGE_STANDARD = gnu11;
				GCC_NO_COMMON_BLOCKS = YES;
				GCC_WARN_64_TO_32_BIT_CONVERSION = YES;
				GCC_WARN_ABOUT_RETURN_TYPE = YES_ERROR;
				GCC_WARN_UNDECLARED_SELECTOR = YES;
				GCC_WARN_UNINITIALIZED_AUTOS = YES_AGGRESSIVE;
				GCC_WARN_UNUSED_FUNCTION = YES;
				GCC_WARN_UNUSED_VARIABLE = YES;
				IPHONEOS_DEPLOYMENT_TARGET = 11.3;
				MTL_ENABLE_DEBUG_INFO = NO;
				SDKROOT = iphoneos;
				SWIFT_COMPILATION_MODE = wholemodule;
				SWIFT_OPTIMIZATION_LEVEL = "-O";
				VALIDATE_PRODUCT = YES;
			};
			name = Release;
		};
		BFA0D0B720C7CF9F009DF8CE /* Debug */ = {
			isa = XCBuildConfiguration;
			buildSettings = {
				ASSETCATALOG_COMPILER_APPICON_NAME = AppIcon;
				CODE_SIGN_STYLE = Automatic;
				DEVELOPMENT_TEAM = 5BEQK45V59;
				INFOPLIST_FILE = ArMoon/Info.plist;
				LD_RUNPATH_SEARCH_PATHS = (
					"$(inherited)",
					"@executable_path/Frameworks",
				);
				PRODUCT_BUNDLE_IDENTIFIER = Gulnaz.ArMoon;
				PRODUCT_NAME = "$(TARGET_NAME)";
				SWIFT_VERSION = 4.0;
				TARGETED_DEVICE_FAMILY = "1,2";
			};
			name = Debug;
		};
		BFA0D0B820C7CF9F009DF8CE /* Release */ = {
			isa = XCBuildConfiguration;
			buildSettings = {
				ASSETCATALOG_COMPILER_APPICON_NAME = AppIcon;
				CODE_SIGN_STYLE = Automatic;
				DEVELOPMENT_TEAM = 5BEQK45V59;
				INFOPLIST_FILE = ArMoon/Info.plist;
				LD_RUNPATH_SEARCH_PATHS = (
					"$(inherited)",
					"@executable_path/Frameworks",
				);
				PRODUCT_BUNDLE_IDENTIFIER = Gulnaz.ArMoon;
				PRODUCT_NAME = "$(TARGET_NAME)";
				SWIFT_VERSION = 4.0;
				TARGETED_DEVICE_FAMILY = "1,2";
			};
			name = Release;
		};
/* End XCBuildConfiguration section */

/* Begin XCConfigurationList section */
		BFA0D09D20C7CF9D009DF8CE /* Build configuration list for PBXProject "ArMoon" */ = {
			isa = XCConfigurationList;
			buildConfigurations = (
				BFA0D0B420C7CF9F009DF8CE /* Debug */,
				BFA0D0B520C7CF9F009DF8CE /* Release */,
			);
			defaultConfigurationIsVisible = 0;
			defaultConfigurationName = Release;
		};
		BFA0D0B620C7CF9F009DF8CE /* Build configuration list for PBXNativeTarget "ArMoon" */ = {
			isa = XCConfigurationList;
			buildConfigurations = (
				BFA0D0B720C7CF9F009DF8CE /* Debug */,
				BFA0D0B820C7CF9F009DF8CE /* Release */,
			);
			defaultConfigurationIsVisible = 0;
			defaultConfigurationName = Release;
		};
/* End XCConfigurationList section */
	};
	rootObject = BFA0D09A20C7CF9D009DF8CE /* Project object */;
}
